<?xml version="1.0" encoding="UTF-8"?>
<!DOCTYPE plist PUBLIC "-//Apple//DTD PLIST 1.0//EN" "http://www.apple.com/DTDs/PropertyList-1.0.dtd">
<plist version="1.0">
<dict>
	<key>archiveVersion</key>
	<string>1</string>
	<key>classes</key>
	<dict/>
	<key>objectVersion</key>
	<string>46</string>
	<key>objects</key>
	<dict>
		<key>2E024A2B1CB0497B00040DFA</key>
		<dict>
			<key>fileEncoding</key>
			<string>4</string>
			<key>isa</key>
			<string>PBXFileReference</string>
			<key>lastKnownFileType</key>
			<string>sourcecode.c.h</string>
			<key>path</key>
			<string>RealWIYAViewController.h</string>
			<key>sourceTree</key>
			<string>&lt;group&gt;</string>
		</dict>
		<key>2E024A2C1CB0497B00040DFA</key>
		<dict>
			<key>fileEncoding</key>
			<string>4</string>
			<key>isa</key>
			<string>PBXFileReference</string>
			<key>lastKnownFileType</key>
			<string>sourcecode.c.objc</string>
			<key>path</key>
			<string>RealWIYAViewController.m</string>
			<key>sourceTree</key>
			<string>&lt;group&gt;</string>
		</dict>
		<key>2E024A2D1CB0497B00040DFA</key>
		<dict>
			<key>fileRef</key>
			<string>2E024A2C1CB0497B00040DFA</string>
			<key>isa</key>
			<string>PBXBuildFile</string>
		</dict>
		<key>2E024A2E1CB056A300040DFA</key>
		<dict>
			<key>fileEncoding</key>
			<string>4</string>
			<key>isa</key>
			<string>PBXFileReference</string>
			<key>lastKnownFileType</key>
			<string>sourcecode.c.h</string>
			<key>path</key>
			<string>UIBezierPathExtension.h</string>
			<key>sourceTree</key>
			<string>&lt;group&gt;</string>
		</dict>
		<key>2E024A2F1CB056A300040DFA</key>
		<dict>
			<key>fileEncoding</key>
			<string>4</string>
			<key>isa</key>
			<string>PBXFileReference</string>
			<key>lastKnownFileType</key>
			<string>sourcecode.c.objc</string>
			<key>path</key>
			<string>UIBezierPathExtension.m</string>
			<key>sourceTree</key>
			<string>&lt;group&gt;</string>
		</dict>
		<key>2E024A301CB056A300040DFA</key>
		<dict>
			<key>fileRef</key>
			<string>2E024A2F1CB056A300040DFA</string>
			<key>isa</key>
			<string>PBXBuildFile</string>
		</dict>
		<key>2E13B8B71C821E3C004DD0C2</key>
		<dict>
			<key>children</key>
			<array>
				<string>2E13B8C21C821E3C004DD0C2</string>
				<string>2E13B8DF1C821E3C004DD0C2</string>
				<string>2E13B8EA1C821E3C004DD0C2</string>
				<string>2E5BC5B61C8227D700E44618</string>
				<string>2E13B8C11C821E3C004DD0C2</string>
			</array>
			<key>isa</key>
			<string>PBXGroup</string>
			<key>sourceTree</key>
			<string>&lt;group&gt;</string>
		</dict>
		<key>2E13B8B81C821E3C004DD0C2</key>
		<dict>
			<key>attributes</key>
			<dict>
				<key>LastSwiftUpdateCheck</key>
				<string>0730</string>
				<key>LastUpgradeCheck</key>
				<string>0720</string>
				<key>ORGANIZATIONNAME</key>
				<string>Shreyas Hirday</string>
				<key>TargetAttributes</key>
				<dict>
					<key>2E13B8BF1C821E3C004DD0C2</key>
					<dict>
						<key>CreatedOnToolsVersion</key>
						<string>7.2.1</string>
						<key>DevelopmentTeam</key>
						<string>DA6Q863M36</string>
					</dict>
					<key>2E13B8DB1C821E3C004DD0C2</key>
					<dict>
						<key>CreatedOnToolsVersion</key>
						<string>7.2.1</string>
						<key>TestTargetID</key>
						<string>2E13B8BF1C821E3C004DD0C2</string>
					</dict>
					<key>2E13B8E61C821E3C004DD0C2</key>
					<dict>
						<key>CreatedOnToolsVersion</key>
						<string>7.2.1</string>
						<key>TestTargetID</key>
						<string>2E13B8BF1C821E3C004DD0C2</string>
					</dict>
				</dict>
			</dict>
			<key>buildConfigurationList</key>
			<string>2E13B8BB1C821E3C004DD0C2</string>
			<key>compatibilityVersion</key>
			<string>Xcode 3.2</string>
			<key>developmentRegion</key>
			<string>English</string>
			<key>hasScannedForEncodings</key>
			<string>0</string>
			<key>isa</key>
			<string>PBXProject</string>
			<key>knownRegions</key>
			<array>
				<string>en</string>
				<string>Base</string>
			</array>
			<key>mainGroup</key>
			<string>2E13B8B71C821E3C004DD0C2</string>
			<key>productRefGroup</key>
			<string>2E13B8C11C821E3C004DD0C2</string>
			<key>projectDirPath</key>
			<string></string>
			<key>projectReferences</key>
			<array/>
			<key>projectRoot</key>
			<string></string>
			<key>targets</key>
			<array>
				<string>2E13B8BF1C821E3C004DD0C2</string>
				<string>2E13B8DB1C821E3C004DD0C2</string>
				<string>2E13B8E61C821E3C004DD0C2</string>
			</array>
		</dict>
		<key>2E13B8BB1C821E3C004DD0C2</key>
		<dict>
			<key>buildConfigurations</key>
			<array>
				<string>2E13B8EE1C821E3C004DD0C2</string>
				<string>2E13B8EF1C821E3C004DD0C2</string>
			</array>
			<key>defaultConfigurationIsVisible</key>
			<string>0</string>
			<key>defaultConfigurationName</key>
			<string>Release</string>
			<key>isa</key>
			<string>XCConfigurationList</string>
		</dict>
		<key>2E13B8BC1C821E3C004DD0C2</key>
		<dict>
			<key>buildActionMask</key>
			<string>2147483647</string>
			<key>files</key>
			<array>
				<string>2E5BC5C11C822D0C00E44618</string>
				<string>2E13B8CE1C821E3C004DD0C2</string>
				<string>2E13B8C81C821E3C004DD0C2</string>
				<string>2E5BC5EC1C82683C00E44618</string>
				<string>2E5BC5BE1C822CF800E44618</string>
				<string>2E13B8CB1C821E3C004DD0C2</string>
				<string>2E5BC5FF1C827E9000E44618</string>
				<string>2E5BC5C41C822D1F00E44618</string>
				<string>2EC3A1311CA72D4A00BFAC59</string>
				<string>2E5BC5CC1C822D6D00E44618</string>
				<string>2E024A2D1CB0497B00040DFA</string>
				<string>2E024A301CB056A300040DFA</string>
				<string>2E9C56D11C82C41100CF332D</string>
				<string>2E9C56CE1C829CBF00CF332D</string>
				<string>2E5BC6061C82808700E44618</string>
				<string>2E5BC5FA1C827AD200E44618</string>
				<string>2EC0054D1CB0697000650222</string>
				<string>2E13B8C51C821E3C004DD0C2</string>
				<string>2E5BC5C91C822D4C00E44618</string>
			</array>
			<key>isa</key>
			<string>PBXSourcesBuildPhase</string>
			<key>runOnlyForDeploymentPostprocessing</key>
			<string>0</string>
		</dict>
		<key>2E13B8BD1C821E3C004DD0C2</key>
		<dict>
			<key>buildActionMask</key>
			<string>2147483647</string>
			<key>files</key>
			<array>
				<string>2EFEDFBF1CB0782100EA452E</string>
				<string>2EFEDFBD1CB0778D00EA452E</string>
				<string>2E9C56CB1C829B4900CF332D</string>
				<string>2E5BC5D41C824AB900E44618</string>
				<string>2E5BC5D21C823EC200E44618</string>
				<string>2E5BC5D01C823EBA00E44618</string>
				<string>2E5BC5CE1C8231CC00E44618</string>
				<string>2E5BC5B81C82282F00E44618</string>
			</array>
			<key>isa</key>
			<string>PBXFrameworksBuildPhase</string>
			<key>runOnlyForDeploymentPostprocessing</key>
			<string>0</string>
		</dict>
		<key>2E13B8BE1C821E3C004DD0C2</key>
		<dict>
			<key>buildActionMask</key>
			<string>2147483647</string>
			<key>files</key>
			<array>
				<string>2E9C56D31C82DAA000CF332D</string>
				<string>2ED0093C1CA74F8E003F0FF2</string>
				<string>2E5BC5E71C82661500E44618</string>
				<string>2E9834331CB98C1600F039C2</string>
				<string>2E9834311CB98C1000F039C2</string>
				<string>2E9C56D51C82DAA900CF332D</string>
				<string>2EC3A1371CA74C9E00BFAC59</string>
				<string>2E98344D1CB9AE5400F039C2</string>
				<string>2EC3A1391CA74CA500BFAC59</string>
				<string>2E5BC5F01C8269C500E44618</string>
				<string>2E5BC5E31C82642F00E44618</string>
				<string>2E9834471CB9920A00F039C2</string>
				<string>2E98343B1CB98C3200F039C2</string>
				<string>2E5BC5E51C8265B200E44618</string>
				<string>2E5BC5EE1C8269BF00E44618</string>
				<string>2E5BC5F21C8269CB00E44618</string>
				<string>2E5BC6081C828B3900E44618</string>
				<string>2E5BC5F61C8269D500E44618</string>
				<string>2EC3A13D1CA74CC900BFAC59</string>
				<string>2EC3A13B1CA74CC300BFAC59</string>
				<string>2EC3A1331CA74C8600BFAC59</string>
				<string>2E13B8D61C821E3C004DD0C2</string>
				<string>2EC3A13F1CA74CD000BFAC59</string>
				<string>2E9834451CB9920200F039C2</string>
				<string>2E5BC5E91C82662700E44618</string>
				<string>2EC3A1411CA74CD500BFAC59</string>
				<string>2E5BC5E11C8263E400E44618</string>
				<string>2E98344B1CB9AE4500F039C2</string>
				<string>2E9834371CB98C2400F039C2</string>
				<string>2EFEDFB91CB06C5300EA452E</string>
				<string>2E5BC6031C827EF300E44618</string>
				<string>2EC3A1351CA74C8C00BFAC59</string>
				<string>2E9834391CB98C2C00F039C2</string>
				<string>2E5BC5F41C8269CF00E44618</string>
				<string>2E98342F1CB98C0A00F039C2</string>
				<string>2EFEDFBB1CB06C6200EA452E</string>
				<string>2E9834431CB991FB00F039C2</string>
				<string>2E9834491CB992E100F039C2</string>
				<string>2E9834351CB98C1D00F039C2</string>
				<string>2E13B8D31C821E3C004DD0C2</string>
				<string>2E13B8D11C821E3C004DD0C2</string>
			</array>
			<key>isa</key>
			<string>PBXResourcesBuildPhase</string>
			<key>runOnlyForDeploymentPostprocessing</key>
			<string>0</string>
		</dict>
		<key>2E13B8BF1C821E3C004DD0C2</key>
		<dict>
			<key>buildConfigurationList</key>
			<string>2E13B8F01C821E3C004DD0C2</string>
			<key>buildPhases</key>
			<array>
				<string>2E13B8BC1C821E3C004DD0C2</string>
				<string>2E13B8BD1C821E3C004DD0C2</string>
				<string>2E13B8BE1C821E3C004DD0C2</string>
				<string>2E5BC5BA1C82282F00E44618</string>
			</array>
			<key>buildRules</key>
			<array/>
			<key>dependencies</key>
			<array/>
			<key>isa</key>
			<string>PBXNativeTarget</string>
			<key>name</key>
			<string>Amur</string>
			<key>productName</key>
			<string>Amur</string>
			<key>productReference</key>
			<string>2E13B8C01C821E3C004DD0C2</string>
			<key>productType</key>
			<string>com.apple.product-type.application</string>
		</dict>
		<key>2E13B8C01C821E3C004DD0C2</key>
		<dict>
			<key>explicitFileType</key>
			<string>wrapper.application</string>
			<key>includeInIndex</key>
			<string>0</string>
			<key>isa</key>
			<string>PBXFileReference</string>
			<key>path</key>
			<string>Amur.app</string>
			<key>sourceTree</key>
			<string>BUILT_PRODUCTS_DIR</string>
		</dict>
		<key>2E13B8C11C821E3C004DD0C2</key>
		<dict>
			<key>children</key>
			<array>
				<string>2E13B8C01C821E3C004DD0C2</string>
				<string>2E13B8DC1C821E3C004DD0C2</string>
				<string>2E13B8E71C821E3C004DD0C2</string>
			</array>
			<key>isa</key>
			<string>PBXGroup</string>
			<key>name</key>
			<string>Products</string>
			<key>sourceTree</key>
			<string>&lt;group&gt;</string>
		</dict>
		<key>2E13B8C21C821E3C004DD0C2</key>
		<dict>
			<key>children</key>
			<array>
				<string>2E5BC5BB1C822CE000E44618</string>
				<string>2E5BC5D51C82637600E44618</string>
				<string>2E5BC5F71C827AB000E44618</string>
				<string>2E13B8C31C821E3C004DD0C2</string>
				<string>2EC0054B1CB0697000650222</string>
				<string>2E13B8C61C821E3C004DD0C2</string>
				<string>2E13B8C71C821E3C004DD0C2</string>
				<string>2E13B8D21C821E3C004DD0C2</string>
				<string>2E13B8C91C821E3C004DD0C2</string>
				<string>2E13B8CA1C821E3C004DD0C2</string>
				<string>2E5BC5EA1C82683C00E44618</string>
				<string>2E5BC5EB1C82683C00E44618</string>
				<string>2E9C56CF1C82C3E300CF332D</string>
				<string>2E9C56D01C82C41100CF332D</string>
				<string>2E13B8D71C821E3C004DD0C2</string>
				<string>2E13B8D41C821E3C004DD0C2</string>
				<string>2E9C56CC1C829CBF00CF332D</string>
				<string>2E9C56CD1C829CBF00CF332D</string>
				<string>2E13B8CF1C821E3C004DD0C2</string>
				<string>2EC0054C1CB0697000650222</string>
				<string>2E024A2B1CB0497B00040DFA</string>
				<string>2E024A2C1CB0497B00040DFA</string>
				<string>2E13B8CC1C821E3C004DD0C2</string>
				<string>2E13B8CD1C821E3C004DD0C2</string>
				<string>2E5BC6041C82808700E44618</string>
				<string>2E5BC6051C82808700E44618</string>
				<string>2E5BC5FD1C827E9000E44618</string>
				<string>2E5BC5FE1C827E9000E44618</string>
				<string>2EC3A12F1CA72D4A00BFAC59</string>
				<string>2EC3A1301CA72D4A00BFAC59</string>
				<string>2EFEDFB81CB06C5300EA452E</string>
				<string>2EFEDFBA1CB06C6200EA452E</string>
			</array>
			<key>isa</key>
			<string>PBXGroup</string>
			<key>path</key>
			<string>Amur</string>
			<key>sourceTree</key>
			<string>&lt;group&gt;</string>
		</dict>
		<key>2E13B8C31C821E3C004DD0C2</key>
		<dict>
			<key>children</key>
			<array>
				<string>2E13B8C41C821E3C004DD0C2</string>
			</array>
			<key>isa</key>
			<string>PBXGroup</string>
			<key>name</key>
			<string>Supporting Files</string>
			<key>path</key>
			<string>Supporting Files</string>
			<key>sourceTree</key>
			<string>&lt;group&gt;</string>
		</dict>
		<key>2E13B8C41C821E3C004DD0C2</key>
		<dict>
			<key>isa</key>
			<string>PBXFileReference</string>
			<key>lastKnownFileType</key>
			<string>sourcecode.c.objc</string>
			<key>path</key>
			<string>main.m</string>
			<key>sourceTree</key>
			<string>&lt;group&gt;</string>
		</dict>
		<key>2E13B8C51C821E3C004DD0C2</key>
		<dict>
			<key>fileRef</key>
			<string>2E13B8C41C821E3C004DD0C2</string>
			<key>isa</key>
			<string>PBXBuildFile</string>
		</dict>
		<key>2E13B8C61C821E3C004DD0C2</key>
		<dict>
			<key>isa</key>
			<string>PBXFileReference</string>
			<key>lastKnownFileType</key>
			<string>sourcecode.c.h</string>
			<key>path</key>
			<string>AppDelegate.h</string>
			<key>sourceTree</key>
			<string>&lt;group&gt;</string>
		</dict>
		<key>2E13B8C71C821E3C004DD0C2</key>
		<dict>
			<key>isa</key>
			<string>PBXFileReference</string>
			<key>lastKnownFileType</key>
			<string>sourcecode.c.objc</string>
			<key>path</key>
			<string>AppDelegate.m</string>
			<key>sourceTree</key>
			<string>&lt;group&gt;</string>
		</dict>
		<key>2E13B8C81C821E3C004DD0C2</key>
		<dict>
			<key>fileRef</key>
			<string>2E13B8C71C821E3C004DD0C2</string>
			<key>isa</key>
			<string>PBXBuildFile</string>
		</dict>
		<key>2E13B8C91C821E3C004DD0C2</key>
		<dict>
			<key>isa</key>
			<string>PBXFileReference</string>
			<key>lastKnownFileType</key>
			<string>sourcecode.c.h</string>
			<key>path</key>
			<string>FirstViewController.h</string>
			<key>sourceTree</key>
			<string>&lt;group&gt;</string>
		</dict>
		<key>2E13B8CA1C821E3C004DD0C2</key>
		<dict>
			<key>isa</key>
			<string>PBXFileReference</string>
			<key>lastKnownFileType</key>
			<string>sourcecode.c.objc</string>
			<key>path</key>
			<string>FirstViewController.m</string>
			<key>sourceTree</key>
			<string>&lt;group&gt;</string>
		</dict>
		<key>2E13B8CB1C821E3C004DD0C2</key>
		<dict>
			<key>fileRef</key>
			<string>2E13B8CA1C821E3C004DD0C2</string>
			<key>isa</key>
			<string>PBXBuildFile</string>
		</dict>
		<key>2E13B8CC1C821E3C004DD0C2</key>
		<dict>
			<key>isa</key>
			<string>PBXFileReference</string>
			<key>lastKnownFileType</key>
			<string>sourcecode.c.h</string>
			<key>path</key>
			<string>SecondViewController.h</string>
			<key>sourceTree</key>
			<string>&lt;group&gt;</string>
		</dict>
		<key>2E13B8CD1C821E3C004DD0C2</key>
		<dict>
			<key>isa</key>
			<string>PBXFileReference</string>
			<key>lastKnownFileType</key>
			<string>sourcecode.c.objc</string>
			<key>path</key>
			<string>SecondViewController.m</string>
			<key>sourceTree</key>
			<string>&lt;group&gt;</string>
		</dict>
		<key>2E13B8CE1C821E3C004DD0C2</key>
		<dict>
			<key>fileRef</key>
			<string>2E13B8CD1C821E3C004DD0C2</string>
			<key>isa</key>
			<string>PBXBuildFile</string>
		</dict>
		<key>2E13B8CF1C821E3C004DD0C2</key>
		<dict>
			<key>children</key>
			<array>
				<string>2E13B8D01C821E3C004DD0C2</string>
			</array>
			<key>isa</key>
			<string>PBXVariantGroup</string>
			<key>name</key>
			<string>Main.storyboard</string>
			<key>path</key>
			<string>.</string>
			<key>sourceTree</key>
			<string>&lt;group&gt;</string>
		</dict>
		<key>2E13B8D01C821E3C004DD0C2</key>
		<dict>
			<key>isa</key>
			<string>PBXFileReference</string>
			<key>lastKnownFileType</key>
			<string>file.storyboard</string>
			<key>name</key>
			<string>Base</string>
			<key>path</key>
			<string>Base.lproj/Main.storyboard</string>
			<key>sourceTree</key>
			<string>&lt;group&gt;</string>
		</dict>
		<key>2E13B8D11C821E3C004DD0C2</key>
		<dict>
			<key>fileRef</key>
			<string>2E13B8CF1C821E3C004DD0C2</string>
			<key>isa</key>
			<string>PBXBuildFile</string>
		</dict>
		<key>2E13B8D21C821E3C004DD0C2</key>
		<dict>
			<key>isa</key>
			<string>PBXFileReference</string>
			<key>lastKnownFileType</key>
			<string>folder.assetcatalog</string>
			<key>path</key>
			<string>Assets.xcassets</string>
			<key>sourceTree</key>
			<string>&lt;group&gt;</string>
		</dict>
		<key>2E13B8D31C821E3C004DD0C2</key>
		<dict>
			<key>fileRef</key>
			<string>2E13B8D21C821E3C004DD0C2</string>
			<key>isa</key>
			<string>PBXBuildFile</string>
		</dict>
		<key>2E13B8D41C821E3C004DD0C2</key>
		<dict>
			<key>children</key>
			<array>
				<string>2E13B8D51C821E3C004DD0C2</string>
			</array>
			<key>isa</key>
			<string>PBXVariantGroup</string>
			<key>name</key>
			<string>LaunchScreen.storyboard</string>
			<key>path</key>
			<string>.</string>
			<key>sourceTree</key>
			<string>&lt;group&gt;</string>
		</dict>
		<key>2E13B8D51C821E3C004DD0C2</key>
		<dict>
			<key>isa</key>
			<string>PBXFileReference</string>
			<key>lastKnownFileType</key>
			<string>file.storyboard</string>
			<key>name</key>
			<string>Base</string>
			<key>path</key>
			<string>Base.lproj/LaunchScreen.storyboard</string>
			<key>sourceTree</key>
			<string>&lt;group&gt;</string>
		</dict>
		<key>2E13B8D61C821E3C004DD0C2</key>
		<dict>
			<key>fileRef</key>
			<string>2E13B8D41C821E3C004DD0C2</string>
			<key>isa</key>
			<string>PBXBuildFile</string>
		</dict>
		<key>2E13B8D71C821E3C004DD0C2</key>
		<dict>
			<key>isa</key>
			<string>PBXFileReference</string>
			<key>lastKnownFileType</key>
			<string>text.plist.xml</string>
			<key>path</key>
			<string>Info.plist</string>
			<key>sourceTree</key>
			<string>&lt;group&gt;</string>
		</dict>
		<key>2E13B8D81C821E3C004DD0C2</key>
		<dict>
			<key>buildActionMask</key>
			<string>2147483647</string>
			<key>files</key>
			<array>
				<string>2E13B8E11C821E3C004DD0C2</string>
			</array>
			<key>isa</key>
			<string>PBXSourcesBuildPhase</string>
			<key>runOnlyForDeploymentPostprocessing</key>
			<string>0</string>
		</dict>
		<key>2E13B8D91C821E3C004DD0C2</key>
		<dict>
			<key>buildActionMask</key>
			<string>2147483647</string>
			<key>files</key>
			<array/>
			<key>isa</key>
			<string>PBXFrameworksBuildPhase</string>
			<key>runOnlyForDeploymentPostprocessing</key>
			<string>0</string>
		</dict>
		<key>2E13B8DA1C821E3C004DD0C2</key>
		<dict>
			<key>buildActionMask</key>
			<string>2147483647</string>
			<key>files</key>
			<array/>
			<key>isa</key>
			<string>PBXResourcesBuildPhase</string>
			<key>runOnlyForDeploymentPostprocessing</key>
			<string>0</string>
		</dict>
		<key>2E13B8DB1C821E3C004DD0C2</key>
		<dict>
			<key>buildConfigurationList</key>
			<string>2E13B8F31C821E3C004DD0C2</string>
			<key>buildPhases</key>
			<array>
				<string>2E13B8D81C821E3C004DD0C2</string>
				<string>2E13B8D91C821E3C004DD0C2</string>
				<string>2E13B8DA1C821E3C004DD0C2</string>
			</array>
			<key>buildRules</key>
			<array/>
			<key>dependencies</key>
			<array>
				<string>2E13B8DE1C821E3C004DD0C2</string>
			</array>
			<key>isa</key>
			<string>PBXNativeTarget</string>
			<key>name</key>
			<string>AmurTests</string>
			<key>productName</key>
			<string>AmurTests</string>
			<key>productReference</key>
			<string>2E13B8DC1C821E3C004DD0C2</string>
			<key>productType</key>
			<string>com.apple.product-type.bundle.unit-test</string>
		</dict>
		<key>2E13B8DC1C821E3C004DD0C2</key>
		<dict>
			<key>explicitFileType</key>
			<string>wrapper.cfbundle</string>
			<key>includeInIndex</key>
			<string>0</string>
			<key>isa</key>
			<string>PBXFileReference</string>
			<key>path</key>
			<string>AmurTests.xctest</string>
			<key>sourceTree</key>
			<string>BUILT_PRODUCTS_DIR</string>
		</dict>
		<key>2E13B8DD1C821E3C004DD0C2</key>
		<dict>
			<key>containerPortal</key>
			<string>2E13B8B81C821E3C004DD0C2</string>
			<key>isa</key>
			<string>PBXContainerItemProxy</string>
			<key>proxyType</key>
			<string>1</string>
			<key>remoteGlobalIDString</key>
			<string>2E13B8BF1C821E3C004DD0C2</string>
			<key>remoteInfo</key>
			<string>Amur</string>
		</dict>
		<key>2E13B8DE1C821E3C004DD0C2</key>
		<dict>
			<key>isa</key>
			<string>PBXTargetDependency</string>
			<key>target</key>
			<string>2E13B8BF1C821E3C004DD0C2</string>
			<key>targetProxy</key>
			<string>2E13B8DD1C821E3C004DD0C2</string>
		</dict>
		<key>2E13B8DF1C821E3C004DD0C2</key>
		<dict>
			<key>children</key>
			<array>
				<string>2E13B8E01C821E3C004DD0C2</string>
				<string>2E13B8E21C821E3C004DD0C2</string>
			</array>
			<key>isa</key>
			<string>PBXGroup</string>
			<key>path</key>
			<string>AmurTests</string>
			<key>sourceTree</key>
			<string>&lt;group&gt;</string>
		</dict>
		<key>2E13B8E01C821E3C004DD0C2</key>
		<dict>
			<key>isa</key>
			<string>PBXFileReference</string>
			<key>lastKnownFileType</key>
			<string>sourcecode.c.objc</string>
			<key>path</key>
			<string>AmurTests.m</string>
			<key>sourceTree</key>
			<string>&lt;group&gt;</string>
		</dict>
		<key>2E13B8E11C821E3C004DD0C2</key>
		<dict>
			<key>fileRef</key>
			<string>2E13B8E01C821E3C004DD0C2</string>
			<key>isa</key>
			<string>PBXBuildFile</string>
		</dict>
		<key>2E13B8E21C821E3C004DD0C2</key>
		<dict>
			<key>isa</key>
			<string>PBXFileReference</string>
			<key>lastKnownFileType</key>
			<string>text.plist.xml</string>
			<key>path</key>
			<string>Info.plist</string>
			<key>sourceTree</key>
			<string>&lt;group&gt;</string>
		</dict>
		<key>2E13B8E31C821E3C004DD0C2</key>
		<dict>
			<key>buildActionMask</key>
			<string>2147483647</string>
			<key>files</key>
			<array>
				<string>2E13B8EC1C821E3C004DD0C2</string>
			</array>
			<key>isa</key>
			<string>PBXSourcesBuildPhase</string>
			<key>runOnlyForDeploymentPostprocessing</key>
			<string>0</string>
		</dict>
		<key>2E13B8E41C821E3C004DD0C2</key>
		<dict>
			<key>buildActionMask</key>
			<string>2147483647</string>
			<key>files</key>
			<array/>
			<key>isa</key>
			<string>PBXFrameworksBuildPhase</string>
			<key>runOnlyForDeploymentPostprocessing</key>
			<string>0</string>
		</dict>
		<key>2E13B8E51C821E3C004DD0C2</key>
		<dict>
			<key>buildActionMask</key>
			<string>2147483647</string>
			<key>files</key>
			<array/>
			<key>isa</key>
			<string>PBXResourcesBuildPhase</string>
			<key>runOnlyForDeploymentPostprocessing</key>
			<string>0</string>
		</dict>
		<key>2E13B8E61C821E3C004DD0C2</key>
		<dict>
			<key>buildConfigurationList</key>
			<string>2E13B8F61C821E3C004DD0C2</string>
			<key>buildPhases</key>
			<array>
				<string>2E13B8E31C821E3C004DD0C2</string>
				<string>2E13B8E41C821E3C004DD0C2</string>
				<string>2E13B8E51C821E3C004DD0C2</string>
			</array>
			<key>buildRules</key>
			<array/>
			<key>dependencies</key>
			<array>
				<string>2E13B8E91C821E3C004DD0C2</string>
			</array>
			<key>isa</key>
			<string>PBXNativeTarget</string>
			<key>name</key>
			<string>AmurUITests</string>
			<key>productName</key>
			<string>AmurUITests</string>
			<key>productReference</key>
			<string>2E13B8E71C821E3C004DD0C2</string>
			<key>productType</key>
			<string>com.apple.product-type.bundle.ui-testing</string>
		</dict>
		<key>2E13B8E71C821E3C004DD0C2</key>
		<dict>
			<key>explicitFileType</key>
			<string>wrapper.cfbundle</string>
			<key>includeInIndex</key>
			<string>0</string>
			<key>isa</key>
			<string>PBXFileReference</string>
			<key>path</key>
			<string>AmurUITests.xctest</string>
			<key>sourceTree</key>
			<string>BUILT_PRODUCTS_DIR</string>
		</dict>
		<key>2E13B8E81C821E3C004DD0C2</key>
		<dict>
			<key>containerPortal</key>
			<string>2E13B8B81C821E3C004DD0C2</string>
			<key>isa</key>
			<string>PBXContainerItemProxy</string>
			<key>proxyType</key>
			<string>1</string>
			<key>remoteGlobalIDString</key>
			<string>2E13B8BF1C821E3C004DD0C2</string>
			<key>remoteInfo</key>
			<string>Amur</string>
		</dict>
		<key>2E13B8E91C821E3C004DD0C2</key>
		<dict>
			<key>isa</key>
			<string>PBXTargetDependency</string>
			<key>target</key>
			<string>2E13B8BF1C821E3C004DD0C2</string>
			<key>targetProxy</key>
			<string>2E13B8E81C821E3C004DD0C2</string>
		</dict>
		<key>2E13B8EA1C821E3C004DD0C2</key>
		<dict>
			<key>children</key>
			<array>
				<string>2E13B8EB1C821E3C004DD0C2</string>
				<string>2E13B8ED1C821E3C004DD0C2</string>
			</array>
			<key>isa</key>
			<string>PBXGroup</string>
			<key>path</key>
			<string>AmurUITests</string>
			<key>sourceTree</key>
			<string>&lt;group&gt;</string>
		</dict>
		<key>2E13B8EB1C821E3C004DD0C2</key>
		<dict>
			<key>isa</key>
			<string>PBXFileReference</string>
			<key>lastKnownFileType</key>
			<string>sourcecode.c.objc</string>
			<key>path</key>
			<string>AmurUITests.m</string>
			<key>sourceTree</key>
			<string>&lt;group&gt;</string>
		</dict>
		<key>2E13B8EC1C821E3C004DD0C2</key>
		<dict>
			<key>fileRef</key>
			<string>2E13B8EB1C821E3C004DD0C2</string>
			<key>isa</key>
			<string>PBXBuildFile</string>
		</dict>
		<key>2E13B8ED1C821E3C004DD0C2</key>
		<dict>
			<key>isa</key>
			<string>PBXFileReference</string>
			<key>lastKnownFileType</key>
			<string>text.plist.xml</string>
			<key>path</key>
			<string>Info.plist</string>
			<key>sourceTree</key>
			<string>&lt;group&gt;</string>
		</dict>
		<key>2E13B8EE1C821E3C004DD0C2</key>
		<dict>
			<key>buildSettings</key>
			<dict>
				<key>ALWAYS_SEARCH_USER_PATHS</key>
				<string>NO</string>
				<key>CLANG_CXX_LANGUAGE_STANDARD</key>
				<string>gnu++0x</string>
				<key>CLANG_CXX_LIBRARY</key>
				<string>libc++</string>
				<key>CLANG_ENABLE_MODULES</key>
				<string>YES</string>
				<key>CLANG_ENABLE_OBJC_ARC</key>
				<string>YES</string>
				<key>CLANG_WARN_BOOL_CONVERSION</key>
				<string>YES</string>
				<key>CLANG_WARN_CONSTANT_CONVERSION</key>
				<string>YES</string>
				<key>CLANG_WARN_DIRECT_OBJC_ISA_USAGE</key>
				<string>YES_ERROR</string>
				<key>CLANG_WARN_EMPTY_BODY</key>
				<string>YES</string>
				<key>CLANG_WARN_ENUM_CONVERSION</key>
				<string>YES</string>
				<key>CLANG_WARN_INT_CONVERSION</key>
				<string>YES</string>
				<key>CLANG_WARN_OBJC_ROOT_CLASS</key>
				<string>YES_ERROR</string>
				<key>CLANG_WARN_UNREACHABLE_CODE</key>
				<string>YES</string>
				<key>CLANG_WARN__DUPLICATE_METHOD_MATCH</key>
				<string>YES</string>
				<key>CODE_SIGN_IDENTITY[sdk=iphoneos*]</key>
				<string>iPhone Developer</string>
				<key>COPY_PHASE_STRIP</key>
				<string>NO</string>
				<key>DEBUG_INFORMATION_FORMAT</key>
				<string>dwarf</string>
				<key>ENABLE_STRICT_OBJC_MSGSEND</key>
				<string>YES</string>
				<key>ENABLE_TESTABILITY</key>
				<string>YES</string>
				<key>GCC_C_LANGUAGE_STANDARD</key>
				<string>gnu99</string>
				<key>GCC_DYNAMIC_NO_PIC</key>
				<string>NO</string>
				<key>GCC_NO_COMMON_BLOCKS</key>
				<string>YES</string>
				<key>GCC_OPTIMIZATION_LEVEL</key>
				<string>0</string>
				<key>GCC_PREPROCESSOR_DEFINITIONS</key>
				<array>
					<string>DEBUG=1</string>
					<string>$(inherited)</string>
				</array>
				<key>GCC_WARN_64_TO_32_BIT_CONVERSION</key>
				<string>YES</string>
				<key>GCC_WARN_ABOUT_RETURN_TYPE</key>
				<string>YES_ERROR</string>
				<key>GCC_WARN_UNDECLARED_SELECTOR</key>
				<string>YES</string>
				<key>GCC_WARN_UNINITIALIZED_AUTOS</key>
				<string>YES_AGGRESSIVE</string>
				<key>GCC_WARN_UNUSED_FUNCTION</key>
				<string>YES</string>
				<key>GCC_WARN_UNUSED_VARIABLE</key>
				<string>YES</string>
				<key>IPHONEOS_DEPLOYMENT_TARGET</key>
				<string>9.2</string>
				<key>MTL_ENABLE_DEBUG_INFO</key>
				<string>YES</string>
				<key>ONLY_ACTIVE_ARCH</key>
				<string>YES</string>
				<key>SDKROOT</key>
				<string>iphoneos</string>
			</dict>
			<key>isa</key>
			<string>XCBuildConfiguration</string>
			<key>name</key>
			<string>Debug</string>
		</dict>
		<key>2E13B8EF1C821E3C004DD0C2</key>
		<dict>
			<key>buildSettings</key>
			<dict>
				<key>ALWAYS_SEARCH_USER_PATHS</key>
				<string>NO</string>
				<key>CLANG_CXX_LANGUAGE_STANDARD</key>
				<string>gnu++0x</string>
				<key>CLANG_CXX_LIBRARY</key>
				<string>libc++</string>
				<key>CLANG_ENABLE_MODULES</key>
				<string>YES</string>
				<key>CLANG_ENABLE_OBJC_ARC</key>
				<string>YES</string>
				<key>CLANG_WARN_BOOL_CONVERSION</key>
				<string>YES</string>
				<key>CLANG_WARN_CONSTANT_CONVERSION</key>
				<string>YES</string>
				<key>CLANG_WARN_DIRECT_OBJC_ISA_USAGE</key>
				<string>YES_ERROR</string>
				<key>CLANG_WARN_EMPTY_BODY</key>
				<string>YES</string>
				<key>CLANG_WARN_ENUM_CONVERSION</key>
				<string>YES</string>
				<key>CLANG_WARN_INT_CONVERSION</key>
				<string>YES</string>
				<key>CLANG_WARN_OBJC_ROOT_CLASS</key>
				<string>YES_ERROR</string>
				<key>CLANG_WARN_UNREACHABLE_CODE</key>
				<string>YES</string>
				<key>CLANG_WARN__DUPLICATE_METHOD_MATCH</key>
				<string>YES</string>
				<key>CODE_SIGN_IDENTITY[sdk=iphoneos*]</key>
				<string>iPhone Developer</string>
				<key>COPY_PHASE_STRIP</key>
				<string>NO</string>
				<key>DEBUG_INFORMATION_FORMAT</key>
				<string>dwarf-with-dsym</string>
				<key>ENABLE_NS_ASSERTIONS</key>
				<string>NO</string>
				<key>ENABLE_STRICT_OBJC_MSGSEND</key>
				<string>YES</string>
				<key>GCC_C_LANGUAGE_STANDARD</key>
				<string>gnu99</string>
				<key>GCC_NO_COMMON_BLOCKS</key>
				<string>YES</string>
				<key>GCC_WARN_64_TO_32_BIT_CONVERSION</key>
				<string>YES</string>
				<key>GCC_WARN_ABOUT_RETURN_TYPE</key>
				<string>YES_ERROR</string>
				<key>GCC_WARN_UNDECLARED_SELECTOR</key>
				<string>YES</string>
				<key>GCC_WARN_UNINITIALIZED_AUTOS</key>
				<string>YES_AGGRESSIVE</string>
				<key>GCC_WARN_UNUSED_FUNCTION</key>
				<string>YES</string>
				<key>GCC_WARN_UNUSED_VARIABLE</key>
				<string>YES</string>
				<key>IPHONEOS_DEPLOYMENT_TARGET</key>
				<string>9.2</string>
				<key>MTL_ENABLE_DEBUG_INFO</key>
				<string>NO</string>
				<key>SDKROOT</key>
				<string>iphoneos</string>
				<key>VALIDATE_PRODUCT</key>
				<string>YES</string>
			</dict>
			<key>isa</key>
			<string>XCBuildConfiguration</string>
			<key>name</key>
			<string>Release</string>
		</dict>
		<key>2E13B8F01C821E3C004DD0C2</key>
		<dict>
			<key>buildConfigurations</key>
			<array>
				<string>2E13B8F11C821E3C004DD0C2</string>
				<string>2E13B8F21C821E3C004DD0C2</string>
			</array>
			<key>defaultConfigurationIsVisible</key>
			<string>0</string>
			<key>defaultConfigurationName</key>
			<string>Release</string>
			<key>isa</key>
			<string>XCConfigurationList</string>
		</dict>
		<key>2E13B8F11C821E3C004DD0C2</key>
		<dict>
			<key>buildSettings</key>
			<dict>
				<key>ASSETCATALOG_COMPILER_APPICON_NAME</key>
				<string>AppIcon</string>
				<key>CLANG_ENABLE_MODULES</key>
				<string>YES</string>
				<key>CODE_SIGN_IDENTITY</key>
				<string>iPhone Developer</string>
				<key>CODE_SIGN_IDENTITY[sdk=iphoneos*]</key>
				<string>iPhone Developer</string>
				<key>FRAMEWORK_SEARCH_PATHS</key>
				<array>
					<string>$(inherited)</string>
					<string>$(PROJECT_DIR)/Carthage/Build/iOS</string>
				</array>
				<key>INFOPLIST_FILE</key>
				<string>Amur/Info.plist</string>
				<key>LD_RUNPATH_SEARCH_PATHS</key>
				<string>$(inherited) @executable_path/Frameworks</string>
				<key>PRODUCT_BUNDLE_IDENTIFIER</key>
				<string>com.shanifenne.Amur.Amur2</string>
				<key>PRODUCT_NAME</key>
				<string>$(TARGET_NAME)</string>
				<key>PROVISIONING_PROFILE</key>
				<string></string>
				<key>SWIFT_OBJC_BRIDGING_HEADER</key>
				<string>Amur/Amur-Bridging-Header.h</string>
				<key>SWIFT_OPTIMIZATION_LEVEL</key>
				<string>-Onone</string>
			</dict>
			<key>isa</key>
			<string>XCBuildConfiguration</string>
			<key>name</key>
			<string>Debug</string>
		</dict>
		<key>2E13B8F21C821E3C004DD0C2</key>
		<dict>
			<key>buildSettings</key>
			<dict>
				<key>ASSETCATALOG_COMPILER_APPICON_NAME</key>
				<string>AppIcon</string>
				<key>CLANG_ENABLE_MODULES</key>
				<string>YES</string>
				<key>CODE_SIGN_IDENTITY</key>
				<string>iPhone Developer</string>
				<key>CODE_SIGN_IDENTITY[sdk=iphoneos*]</key>
				<string>iPhone Developer</string>
				<key>FRAMEWORK_SEARCH_PATHS</key>
				<array>
					<string>$(inherited)</string>
					<string>$(PROJECT_DIR)/Carthage/Build/iOS</string>
				</array>
				<key>INFOPLIST_FILE</key>
				<string>Amur/Info.plist</string>
				<key>LD_RUNPATH_SEARCH_PATHS</key>
				<string>$(inherited) @executable_path/Frameworks</string>
				<key>PRODUCT_BUNDLE_IDENTIFIER</key>
				<string>com.shanifenne.Amur.Amur2</string>
				<key>PRODUCT_NAME</key>
				<string>$(TARGET_NAME)</string>
				<key>PROVISIONING_PROFILE</key>
				<string></string>
				<key>SWIFT_OBJC_BRIDGING_HEADER</key>
				<string>Amur/Amur-Bridging-Header.h</string>
			</dict>
			<key>isa</key>
			<string>XCBuildConfiguration</string>
			<key>name</key>
			<string>Release</string>
		</dict>
		<key>2E13B8F31C821E3C004DD0C2</key>
		<dict>
			<key>buildConfigurations</key>
			<array>
				<string>2E13B8F41C821E3C004DD0C2</string>
				<string>2E13B8F51C821E3C004DD0C2</string>
			</array>
			<key>defaultConfigurationIsVisible</key>
			<string>0</string>
			<key>defaultConfigurationName</key>
			<string>Release</string>
			<key>isa</key>
			<string>XCConfigurationList</string>
		</dict>
		<key>2E13B8F41C821E3C004DD0C2</key>
		<dict>
			<key>buildSettings</key>
			<dict>
				<key>BUNDLE_LOADER</key>
				<string>$(TEST_HOST)</string>
				<key>INFOPLIST_FILE</key>
				<string>AmurTests/Info.plist</string>
				<key>LD_RUNPATH_SEARCH_PATHS</key>
				<string>$(inherited) @executable_path/Frameworks @loader_path/Frameworks</string>
				<key>PRODUCT_BUNDLE_IDENTIFIER</key>
				<string>com.shanifenne.Amur.AmurTests</string>
				<key>PRODUCT_NAME</key>
				<string>$(TARGET_NAME)</string>
				<key>TEST_HOST</key>
				<string>$(BUILT_PRODUCTS_DIR)/Amur.app/Amur</string>
			</dict>
			<key>isa</key>
			<string>XCBuildConfiguration</string>
			<key>name</key>
			<string>Debug</string>
		</dict>
		<key>2E13B8F51C821E3C004DD0C2</key>
		<dict>
			<key>buildSettings</key>
			<dict>
				<key>BUNDLE_LOADER</key>
				<string>$(TEST_HOST)</string>
				<key>INFOPLIST_FILE</key>
				<string>AmurTests/Info.plist</string>
				<key>LD_RUNPATH_SEARCH_PATHS</key>
				<string>$(inherited) @executable_path/Frameworks @loader_path/Frameworks</string>
				<key>PRODUCT_BUNDLE_IDENTIFIER</key>
				<string>com.shanifenne.Amur.AmurTests</string>
				<key>PRODUCT_NAME</key>
				<string>$(TARGET_NAME)</string>
				<key>TEST_HOST</key>
				<string>$(BUILT_PRODUCTS_DIR)/Amur.app/Amur</string>
			</dict>
			<key>isa</key>
			<string>XCBuildConfiguration</string>
			<key>name</key>
			<string>Release</string>
		</dict>
		<key>2E13B8F61C821E3C004DD0C2</key>
		<dict>
			<key>buildConfigurations</key>
			<array>
				<string>2E13B8F71C821E3C004DD0C2</string>
				<string>2E13B8F81C821E3C004DD0C2</string>
			</array>
			<key>defaultConfigurationIsVisible</key>
			<string>0</string>
			<key>defaultConfigurationName</key>
			<string>Release</string>
			<key>isa</key>
			<string>XCConfigurationList</string>
		</dict>
		<key>2E13B8F71C821E3C004DD0C2</key>
		<dict>
			<key>buildSettings</key>
			<dict>
				<key>INFOPLIST_FILE</key>
				<string>AmurUITests/Info.plist</string>
				<key>LD_RUNPATH_SEARCH_PATHS</key>
				<string>$(inherited) @executable_path/Frameworks @loader_path/Frameworks</string>
				<key>PRODUCT_BUNDLE_IDENTIFIER</key>
				<string>com.shanifenne.Amur.AmurUITests</string>
				<key>PRODUCT_NAME</key>
				<string>$(TARGET_NAME)</string>
				<key>TEST_TARGET_NAME</key>
				<string>Amur</string>
				<key>USES_XCTRUNNER</key>
				<string>YES</string>
			</dict>
			<key>isa</key>
			<string>XCBuildConfiguration</string>
			<key>name</key>
			<string>Debug</string>
		</dict>
		<key>2E13B8F81C821E3C004DD0C2</key>
		<dict>
			<key>buildSettings</key>
			<dict>
				<key>INFOPLIST_FILE</key>
				<string>AmurUITests/Info.plist</string>
				<key>LD_RUNPATH_SEARCH_PATHS</key>
				<string>$(inherited) @executable_path/Frameworks @loader_path/Frameworks</string>
				<key>PRODUCT_BUNDLE_IDENTIFIER</key>
				<string>com.shanifenne.Amur.AmurUITests</string>
				<key>PRODUCT_NAME</key>
				<string>$(TARGET_NAME)</string>
				<key>TEST_TARGET_NAME</key>
				<string>Amur</string>
				<key>USES_XCTRUNNER</key>
				<string>YES</string>
			</dict>
			<key>isa</key>
			<string>XCBuildConfiguration</string>
			<key>name</key>
			<string>Release</string>
		</dict>
		<key>2E5BC5B61C8227D700E44618</key>
		<dict>
			<key>children</key>
			<array>
				<string>2EFEDFBE1CB0782100EA452E</string>
				<string>2EFEDFBC1CB0778D00EA452E</string>
				<string>2E9C56CA1C829B4900CF332D</string>
				<string>2E5BC5D31C824AB900E44618</string>
				<string>2E5BC5D11C823EC200E44618</string>
				<string>2E5BC5CF1C823EBA00E44618</string>
				<string>2E5BC5CD1C8231CC00E44618</string>
				<string>2E5BC5B71C82282F00E44618</string>
			</array>
			<key>isa</key>
			<string>PBXGroup</string>
			<key>name</key>
			<string>Frameworks</string>
			<key>sourceTree</key>
			<string>&lt;group&gt;</string>
		</dict>
		<key>2E5BC5B71C82282F00E44618</key>
		<dict>
			<key>isa</key>
			<string>PBXFileReference</string>
			<key>lastKnownFileType</key>
			<string>wrapper.framework</string>
			<key>name</key>
			<string>AFNetworking.framework</string>
			<key>path</key>
			<string>Carthage/Build/iOS/AFNetworking.framework</string>
			<key>sourceTree</key>
			<string>&lt;group&gt;</string>
		</dict>
		<key>2E5BC5B81C82282F00E44618</key>
		<dict>
			<key>fileRef</key>
			<string>2E5BC5B71C82282F00E44618</string>
			<key>isa</key>
			<string>PBXBuildFile</string>
		</dict>
		<key>2E5BC5B91C82282F00E44618</key>
		<dict>
			<key>fileRef</key>
			<string>2E5BC5B71C82282F00E44618</string>
			<key>isa</key>
			<string>PBXBuildFile</string>
			<key>settings</key>
			<dict>
				<key>ATTRIBUTES</key>
				<array>
					<string>CodeSignOnCopy</string>
					<string>RemoveHeadersOnCopy</string>
				</array>
			</dict>
		</dict>
		<key>2E5BC5BA1C82282F00E44618</key>
		<dict>
			<key>buildActionMask</key>
			<string>2147483647</string>
			<key>dstPath</key>
			<string></string>
			<key>dstSubfolderSpec</key>
			<string>10</string>
			<key>files</key>
			<array>
				<string>2E5BC5B91C82282F00E44618</string>
			</array>
			<key>isa</key>
			<string>PBXCopyFilesBuildPhase</string>
			<key>name</key>
			<string>Embed Frameworks</string>
			<key>runOnlyForDeploymentPostprocessing</key>
			<string>0</string>
		</dict>
		<key>2E5BC5BB1C822CE000E44618</key>
		<dict>
			<key>children</key>
			<array>
				<string>2E5BC5BC1C822CF200E44618</string>
				<string>2E5BC5BD1C822CF800E44618</string>
				<string>2E5BC5BF1C822D0300E44618</string>
				<string>2E5BC5C01C822D0C00E44618</string>
				<string>2E5BC5C21C822D1900E44618</string>
				<string>2E5BC5C31C822D1F00E44618</string>
				<string>2E5BC5C51C822D2700E44618</string>
				<string>2E5BC5C61C822D3500E44618</string>
				<string>2E5BC5C71C822D4500E44618</string>
				<string>2E5BC5C81C822D4C00E44618</string>
				<string>2E5BC5CA1C822D6800E44618</string>
				<string>2E5BC5CB1C822D6D00E44618</string>
				<string>2E024A2E1CB056A300040DFA</string>
				<string>2E024A2F1CB056A300040DFA</string>
			</array>
			<key>isa</key>
			<string>PBXGroup</string>
			<key>name</key>
			<string>ARKIT</string>
			<key>path</key>
			<string>ARKIT</string>
			<key>sourceTree</key>
			<string>&lt;group&gt;</string>
		</dict>
		<key>2E5BC5BC1C822CF200E44618</key>
		<dict>
			<key>fileEncoding</key>
			<string>4</string>
			<key>isa</key>
			<string>PBXFileReference</string>
			<key>lastKnownFileType</key>
			<string>sourcecode.c.h</string>
			<key>path</key>
			<string>ARCoordinate.h</string>
			<key>sourceTree</key>
			<string>&lt;group&gt;</string>
		</dict>
		<key>2E5BC5BD1C822CF800E44618</key>
		<dict>
			<key>fileEncoding</key>
			<string>4</string>
			<key>isa</key>
			<string>PBXFileReference</string>
			<key>lastKnownFileType</key>
			<string>sourcecode.c.objc</string>
			<key>path</key>
			<string>ARCoordinate.m</string>
			<key>sourceTree</key>
			<string>&lt;group&gt;</string>
		</dict>
		<key>2E5BC5BE1C822CF800E44618</key>
		<dict>
			<key>fileRef</key>
			<string>2E5BC5BD1C822CF800E44618</string>
			<key>isa</key>
			<string>PBXBuildFile</string>
		</dict>
		<key>2E5BC5BF1C822D0300E44618</key>
		<dict>
			<key>fileEncoding</key>
			<string>4</string>
			<key>isa</key>
			<string>PBXFileReference</string>
			<key>lastKnownFileType</key>
			<string>sourcecode.c.h</string>
			<key>path</key>
			<string>ARGeoCoordinate.h</string>
			<key>sourceTree</key>
			<string>&lt;group&gt;</string>
		</dict>
		<key>2E5BC5C01C822D0C00E44618</key>
		<dict>
			<key>fileEncoding</key>
			<string>4</string>
			<key>isa</key>
			<string>PBXFileReference</string>
			<key>lastKnownFileType</key>
			<string>sourcecode.c.objc</string>
			<key>path</key>
			<string>ARGeoCoordinate.m</string>
			<key>sourceTree</key>
			<string>&lt;group&gt;</string>
		</dict>
		<key>2E5BC5C11C822D0C00E44618</key>
		<dict>
			<key>fileRef</key>
			<string>2E5BC5C01C822D0C00E44618</string>
			<key>isa</key>
			<string>PBXBuildFile</string>
		</dict>
		<key>2E5BC5C21C822D1900E44618</key>
		<dict>
			<key>fileEncoding</key>
			<string>4</string>
			<key>isa</key>
			<string>PBXFileReference</string>
			<key>lastKnownFileType</key>
			<string>sourcecode.c.h</string>
			<key>path</key>
			<string>ARKit.h</string>
			<key>sourceTree</key>
			<string>&lt;group&gt;</string>
		</dict>
		<key>2E5BC5C31C822D1F00E44618</key>
		<dict>
			<key>fileEncoding</key>
			<string>4</string>
			<key>isa</key>
			<string>PBXFileReference</string>
			<key>lastKnownFileType</key>
			<string>sourcecode.c.objc</string>
			<key>path</key>
			<string>ARKit.m</string>
			<key>sourceTree</key>
			<string>&lt;group&gt;</string>
		</dict>
		<key>2E5BC5C41C822D1F00E44618</key>
		<dict>
			<key>fileRef</key>
			<string>2E5BC5C31C822D1F00E44618</string>
			<key>isa</key>
			<string>PBXBuildFile</string>
		</dict>
		<key>2E5BC5C51C822D2700E44618</key>
		<dict>
			<key>fileEncoding</key>
			<string>4</string>
			<key>isa</key>
			<string>PBXFileReference</string>
			<key>lastKnownFileType</key>
			<string>sourcecode.c.h</string>
			<key>path</key>
			<string>ARLocationDelegate.h</string>
			<key>sourceTree</key>
			<string>&lt;group&gt;</string>
		</dict>
		<key>2E5BC5C61C822D3500E44618</key>
		<dict>
			<key>fileEncoding</key>
			<string>4</string>
			<key>isa</key>
			<string>PBXFileReference</string>
			<key>lastKnownFileType</key>
			<string>sourcecode.c.h</string>
			<key>path</key>
			<string>ARViewProtocol.h</string>
			<key>sourceTree</key>
			<string>&lt;group&gt;</string>
		</dict>
		<key>2E5BC5C71C822D4500E44618</key>
		<dict>
			<key>fileEncoding</key>
			<string>4</string>
			<key>isa</key>
			<string>PBXFileReference</string>
			<key>lastKnownFileType</key>
			<string>sourcecode.c.h</string>
			<key>path</key>
			<string>AugmentedRealityController.h</string>
			<key>sourceTree</key>
			<string>&lt;group&gt;</string>
		</dict>
		<key>2E5BC5C81C822D4C00E44618</key>
		<dict>
			<key>fileEncoding</key>
			<string>4</string>
			<key>isa</key>
			<string>PBXFileReference</string>
			<key>lastKnownFileType</key>
			<string>sourcecode.c.objc</string>
			<key>path</key>
			<string>AugmentedRealityController.m</string>
			<key>sourceTree</key>
			<string>&lt;group&gt;</string>
		</dict>
		<key>2E5BC5C91C822D4C00E44618</key>
		<dict>
			<key>fileRef</key>
			<string>2E5BC5C81C822D4C00E44618</string>
			<key>isa</key>
			<string>PBXBuildFile</string>
		</dict>
		<key>2E5BC5CA1C822D6800E44618</key>
		<dict>
			<key>fileEncoding</key>
			<string>4</string>
			<key>isa</key>
			<string>PBXFileReference</string>
			<key>lastKnownFileType</key>
			<string>sourcecode.c.h</string>
			<key>path</key>
			<string>GEOLocations.h</string>
			<key>sourceTree</key>
			<string>&lt;group&gt;</string>
		</dict>
		<key>2E5BC5CB1C822D6D00E44618</key>
		<dict>
			<key>fileEncoding</key>
			<string>4</string>
			<key>isa</key>
			<string>PBXFileReference</string>
			<key>lastKnownFileType</key>
			<string>sourcecode.c.objc</string>
			<key>path</key>
			<string>GEOLocations.m</string>
			<key>sourceTree</key>
			<string>&lt;group&gt;</string>
		</dict>
		<key>2E5BC5CC1C822D6D00E44618</key>
		<dict>
			<key>fileRef</key>
			<string>2E5BC5CB1C822D6D00E44618</string>
			<key>isa</key>
			<string>PBXBuildFile</string>
		</dict>
		<key>2E5BC5CD1C8231CC00E44618</key>
		<dict>
			<key>isa</key>
			<string>PBXFileReference</string>
			<key>lastKnownFileType</key>
			<string>wrapper.framework</string>
			<key>name</key>
			<string>CoreLocation.framework</string>
			<key>path</key>
			<string>System/Library/Frameworks/CoreLocation.framework</string>
			<key>sourceTree</key>
			<string>SDKROOT</string>
		</dict>
		<key>2E5BC5CE1C8231CC00E44618</key>
		<dict>
			<key>fileRef</key>
			<string>2E5BC5CD1C8231CC00E44618</string>
			<key>isa</key>
			<string>PBXBuildFile</string>
		</dict>
		<key>2E5BC5CF1C823EBA00E44618</key>
		<dict>
			<key>isa</key>
			<string>PBXFileReference</string>
			<key>lastKnownFileType</key>
			<string>wrapper.framework</string>
			<key>name</key>
			<string>AVFoundation.framework</string>
			<key>path</key>
			<string>System/Library/Frameworks/AVFoundation.framework</string>
			<key>sourceTree</key>
			<string>SDKROOT</string>
		</dict>
		<key>2E5BC5D01C823EBA00E44618</key>
		<dict>
			<key>fileRef</key>
			<string>2E5BC5CF1C823EBA00E44618</string>
			<key>isa</key>
			<string>PBXBuildFile</string>
		</dict>
		<key>2E5BC5D11C823EC200E44618</key>
		<dict>
			<key>isa</key>
			<string>PBXFileReference</string>
			<key>lastKnownFileType</key>
			<string>wrapper.framework</string>
			<key>name</key>
			<string>AVKit.framework</string>
			<key>path</key>
			<string>System/Library/Frameworks/AVKit.framework</string>
			<key>sourceTree</key>
			<string>SDKROOT</string>
		</dict>
		<key>2E5BC5D21C823EC200E44618</key>
		<dict>
			<key>fileRef</key>
			<string>2E5BC5D11C823EC200E44618</string>
			<key>isa</key>
			<string>PBXBuildFile</string>
		</dict>
		<key>2E5BC5D31C824AB900E44618</key>
		<dict>
			<key>isa</key>
			<string>PBXFileReference</string>
			<key>lastKnownFileType</key>
			<string>wrapper.framework</string>
			<key>name</key>
			<string>QuartzCore.framework</string>
			<key>path</key>
			<string>System/Library/Frameworks/QuartzCore.framework</string>
			<key>sourceTree</key>
			<string>SDKROOT</string>
		</dict>
		<key>2E5BC5D41C824AB900E44618</key>
		<dict>
			<key>fileRef</key>
			<string>2E5BC5D31C824AB900E44618</string>
			<key>isa</key>
			<string>PBXBuildFile</string>
		</dict>
		<key>2E5BC5D51C82637600E44618</key>
		<dict>
			<key>children</key>
			<array>
				<string>2E98344A1CB9AE4500F039C2</string>
				<string>2EC3A1381CA74CA500BFAC59</string>
				<string>2EC3A1341CA74C8C00BFAC59</string>
				<string>2EC3A1361CA74C9E00BFAC59</string>
				<string>2EC3A1321CA74C8600BFAC59</string>
				<string>2ED0093B1CA74F8E003F0FF2</string>
				<string>2EC3A13A1CA74CC300BFAC59</string>
				<string>2EC3A13C1CA74CC900BFAC59</string>
				<string>2EC3A13E1CA74CD000BFAC59</string>
				<string>2EC3A1401CA74CD500BFAC59</string>
				<string>2E98344C1CB9AE5400F039C2</string>
				<string>2E98343A1CB98C3200F039C2</string>
				<string>2E5BC5E21C82642F00E44618</string>
				<string>2E5BC5E41C8265B200E44618</string>
				<string>2E5BC5E01C8263E400E44618</string>
				<string>2E5BC5E61C82661500E44618</string>
				<string>2E5BC5E81C82662700E44618</string>
				<string>2E9834301CB98C1000F039C2</string>
				<string>2E9834441CB9920200F039C2</string>
				<string>2E9C56D41C82DAA900CF332D</string>
				<string>2E9C56D21C82DAA000CF332D</string>
				<string>2E5BC5ED1C8269BF00E44618</string>
				<string>2E5BC5EF1C8269C500E44618</string>
				<string>2E5BC5F11C8269CB00E44618</string>
				<string>2E5BC5F31C8269CF00E44618</string>
				<string>2E5BC5F51C8269D500E44618</string>
				<string>2E9834381CB98C2C00F039C2</string>
				<string>2E9834341CB98C1D00F039C2</string>
				<string>2E9834481CB992E100F039C2</string>
				<string>2E9834321CB98C1600F039C2</string>
				<string>2E9834461CB9920A00F039C2</string>
				<string>2E5BC6021C827EF300E44618</string>
				<string>2E5BC6071C828B3900E44618</string>
				<string>2E9834421CB991FB00F039C2</string>
				<string>2E98342E1CB98C0A00F039C2</string>
			</array>
			<key>isa</key>
			<string>PBXGroup</string>
			<key>name</key>
			<string>Icons</string>
			<key>path</key>
			<string>Icons</string>
			<key>sourceTree</key>
			<string>&lt;group&gt;</string>
		</dict>
		<key>2E5BC5E01C8263E400E44618</key>
		<dict>
			<key>isa</key>
			<string>PBXFileReference</string>
			<key>lastKnownFileType</key>
			<string>image.png</string>
			<key>path</key>
			<string>app_icons-03@2x.png</string>
			<key>sourceTree</key>
			<string>&lt;group&gt;</string>
		</dict>
		<key>2E5BC5E11C8263E400E44618</key>
		<dict>
			<key>fileRef</key>
			<string>2E5BC5E01C8263E400E44618</string>
			<key>isa</key>
			<string>PBXBuildFile</string>
		</dict>
		<key>2E5BC5E21C82642F00E44618</key>
		<dict>
			<key>isa</key>
			<string>PBXFileReference</string>
			<key>lastKnownFileType</key>
			<string>image.png</string>
			<key>path</key>
			<string>app_icons-01@2x.png</string>
			<key>sourceTree</key>
			<string>&lt;group&gt;</string>
		</dict>
		<key>2E5BC5E31C82642F00E44618</key>
		<dict>
			<key>fileRef</key>
			<string>2E5BC5E21C82642F00E44618</string>
			<key>isa</key>
			<string>PBXBuildFile</string>
		</dict>
		<key>2E5BC5E41C8265B200E44618</key>
		<dict>
			<key>isa</key>
			<string>PBXFileReference</string>
			<key>lastKnownFileType</key>
			<string>image.png</string>
			<key>path</key>
			<string>app_icons-02@2x.png</string>
			<key>sourceTree</key>
			<string>&lt;group&gt;</string>
		</dict>
		<key>2E5BC5E51C8265B200E44618</key>
		<dict>
			<key>fileRef</key>
			<string>2E5BC5E41C8265B200E44618</string>
			<key>isa</key>
			<string>PBXBuildFile</string>
		</dict>
		<key>2E5BC5E61C82661500E44618</key>
		<dict>
			<key>isa</key>
			<string>PBXFileReference</string>
			<key>lastKnownFileType</key>
			<string>image.png</string>
			<key>path</key>
			<string>app_icons-04@2x.png</string>
			<key>sourceTree</key>
			<string>&lt;group&gt;</string>
		</dict>
		<key>2E5BC5E71C82661500E44618</key>
		<dict>
			<key>fileRef</key>
			<string>2E5BC5E61C82661500E44618</string>
			<key>isa</key>
			<string>PBXBuildFile</string>
		</dict>
		<key>2E5BC5E81C82662700E44618</key>
		<dict>
			<key>isa</key>
			<string>PBXFileReference</string>
			<key>lastKnownFileType</key>
			<string>image.png</string>
			<key>path</key>
			<string>app_icons-05@2x.png</string>
			<key>sourceTree</key>
			<string>&lt;group&gt;</string>
		</dict>
		<key>2E5BC5E91C82662700E44618</key>
		<dict>
			<key>fileRef</key>
			<string>2E5BC5E81C82662700E44618</string>
			<key>isa</key>
			<string>PBXBuildFile</string>
		</dict>
		<key>2E5BC5EA1C82683C00E44618</key>
		<dict>
			<key>fileEncoding</key>
			<string>4</string>
			<key>isa</key>
			<string>PBXFileReference</string>
			<key>lastKnownFileType</key>
			<string>sourcecode.c.h</string>
			<key>path</key>
			<string>GodViewController.h</string>
			<key>sourceTree</key>
			<string>&lt;group&gt;</string>
		</dict>
		<key>2E5BC5EB1C82683C00E44618</key>
		<dict>
			<key>fileEncoding</key>
			<string>4</string>
			<key>isa</key>
			<string>PBXFileReference</string>
			<key>lastKnownFileType</key>
			<string>sourcecode.c.objc</string>
			<key>path</key>
			<string>GodViewController.m</string>
			<key>sourceTree</key>
			<string>&lt;group&gt;</string>
		</dict>
		<key>2E5BC5EC1C82683C00E44618</key>
		<dict>
			<key>fileRef</key>
			<string>2E5BC5EB1C82683C00E44618</string>
			<key>isa</key>
			<string>PBXBuildFile</string>
		</dict>
		<key>2E5BC5ED1C8269BF00E44618</key>
		<dict>
			<key>isa</key>
			<string>PBXFileReference</string>
			<key>lastKnownFileType</key>
			<string>image.png</string>
			<key>path</key>
			<string>icons_color-01@2x.png</string>
			<key>sourceTree</key>
			<string>&lt;group&gt;</string>
		</dict>
		<key>2E5BC5EE1C8269BF00E44618</key>
		<dict>
			<key>fileRef</key>
			<string>2E5BC5ED1C8269BF00E44618</string>
			<key>isa</key>
			<string>PBXBuildFile</string>
		</dict>
		<key>2E5BC5EF1C8269C500E44618</key>
		<dict>
			<key>isa</key>
			<string>PBXFileReference</string>
			<key>lastKnownFileType</key>
			<string>image.png</string>
			<key>path</key>
			<string>icons_color-02@2x.png</string>
			<key>sourceTree</key>
			<string>&lt;group&gt;</string>
		</dict>
		<key>2E5BC5F01C8269C500E44618</key>
		<dict>
			<key>fileRef</key>
			<string>2E5BC5EF1C8269C500E44618</string>
			<key>isa</key>
			<string>PBXBuildFile</string>
		</dict>
		<key>2E5BC5F11C8269CB00E44618</key>
		<dict>
			<key>isa</key>
			<string>PBXFileReference</string>
			<key>lastKnownFileType</key>
			<string>image.png</string>
			<key>path</key>
			<string>icons_color-03@2x.png</string>
			<key>sourceTree</key>
			<string>&lt;group&gt;</string>
		</dict>
		<key>2E5BC5F21C8269CB00E44618</key>
		<dict>
			<key>fileRef</key>
			<string>2E5BC5F11C8269CB00E44618</string>
			<key>isa</key>
			<string>PBXBuildFile</string>
		</dict>
		<key>2E5BC5F31C8269CF00E44618</key>
		<dict>
			<key>isa</key>
			<string>PBXFileReference</string>
			<key>lastKnownFileType</key>
			<string>image.png</string>
			<key>path</key>
			<string>icons_color-04@2x.png</string>
			<key>sourceTree</key>
			<string>&lt;group&gt;</string>
		</dict>
		<key>2E5BC5F41C8269CF00E44618</key>
		<dict>
			<key>fileRef</key>
			<string>2E5BC5F31C8269CF00E44618</string>
			<key>isa</key>
			<string>PBXBuildFile</string>
		</dict>
		<key>2E5BC5F51C8269D500E44618</key>
		<dict>
			<key>isa</key>
			<string>PBXFileReference</string>
			<key>lastKnownFileType</key>
			<string>image.png</string>
			<key>path</key>
			<string>icons_color-05@2x.png</string>
			<key>sourceTree</key>
			<string>&lt;group&gt;</string>
		</dict>
		<key>2E5BC5F61C8269D500E44618</key>
		<dict>
			<key>fileRef</key>
			<string>2E5BC5F51C8269D500E44618</string>
			<key>isa</key>
			<string>PBXBuildFile</string>
		</dict>
		<key>2E5BC5F71C827AB000E44618</key>
		<dict>
			<key>children</key>
			<array>
				<string>2E5BC5F81C827ACB00E44618</string>
				<string>2E5BC5F91C827AD200E44618</string>
			</array>
			<key>isa</key>
			<string>PBXGroup</string>
			<key>name</key>
			<string>SWReveal</string>
			<key>path</key>
			<string>SWReveal</string>
			<key>sourceTree</key>
			<string>&lt;group&gt;</string>
		</dict>
		<key>2E5BC5F81C827ACB00E44618</key>
		<dict>
			<key>fileEncoding</key>
			<string>4</string>
			<key>isa</key>
			<string>PBXFileReference</string>
			<key>lastKnownFileType</key>
			<string>sourcecode.c.h</string>
			<key>path</key>
			<string>SWRevealViewController.h</string>
			<key>sourceTree</key>
			<string>&lt;group&gt;</string>
		</dict>
		<key>2E5BC5F91C827AD200E44618</key>
		<dict>
			<key>fileEncoding</key>
			<string>4</string>
			<key>isa</key>
			<string>PBXFileReference</string>
			<key>lastKnownFileType</key>
			<string>sourcecode.c.objc</string>
			<key>path</key>
			<string>SWRevealViewController.m</string>
			<key>sourceTree</key>
			<string>&lt;group&gt;</string>
		</dict>
		<key>2E5BC5FA1C827AD200E44618</key>
		<dict>
			<key>fileRef</key>
			<string>2E5BC5F91C827AD200E44618</string>
			<key>isa</key>
			<string>PBXBuildFile</string>
		</dict>
		<key>2E5BC5FD1C827E9000E44618</key>
		<dict>
			<key>fileEncoding</key>
			<string>4</string>
			<key>isa</key>
			<string>PBXFileReference</string>
			<key>lastKnownFileType</key>
			<string>sourcecode.c.h</string>
			<key>path</key>
			<string>TestViewController.h</string>
			<key>sourceTree</key>
			<string>&lt;group&gt;</string>
		</dict>
		<key>2E5BC5FE1C827E9000E44618</key>
		<dict>
			<key>fileEncoding</key>
			<string>4</string>
			<key>isa</key>
			<string>PBXFileReference</string>
			<key>lastKnownFileType</key>
			<string>sourcecode.c.objc</string>
			<key>path</key>
			<string>TestViewController.m</string>
			<key>sourceTree</key>
			<string>&lt;group&gt;</string>
		</dict>
		<key>2E5BC5FF1C827E9000E44618</key>
		<dict>
			<key>fileRef</key>
			<string>2E5BC5FE1C827E9000E44618</string>
			<key>isa</key>
			<string>PBXBuildFile</string>
		</dict>
		<key>2E5BC6021C827EF300E44618</key>
		<dict>
			<key>isa</key>
			<string>PBXFileReference</string>
			<key>lastKnownFileType</key>
			<string>image.png</string>
			<key>path</key>
			<string>top_bar_icons-06.png</string>
			<key>sourceTree</key>
			<string>&lt;group&gt;</string>
		</dict>
		<key>2E5BC6031C827EF300E44618</key>
		<dict>
			<key>fileRef</key>
			<string>2E5BC6021C827EF300E44618</string>
			<key>isa</key>
			<string>PBXBuildFile</string>
		</dict>
		<key>2E5BC6041C82808700E44618</key>
		<dict>
			<key>fileEncoding</key>
			<string>4</string>
			<key>isa</key>
			<string>PBXFileReference</string>
			<key>lastKnownFileType</key>
			<string>sourcecode.c.h</string>
			<key>path</key>
			<string>SidebarTableViewController.h</string>
			<key>sourceTree</key>
			<string>&lt;group&gt;</string>
		</dict>
		<key>2E5BC6051C82808700E44618</key>
		<dict>
			<key>fileEncoding</key>
			<string>4</string>
			<key>isa</key>
			<string>PBXFileReference</string>
			<key>lastKnownFileType</key>
			<string>sourcecode.c.objc</string>
			<key>path</key>
			<string>SidebarTableViewController.m</string>
			<key>sourceTree</key>
			<string>&lt;group&gt;</string>
		</dict>
		<key>2E5BC6061C82808700E44618</key>
		<dict>
			<key>fileRef</key>
			<string>2E5BC6051C82808700E44618</string>
			<key>isa</key>
			<string>PBXBuildFile</string>
		</dict>
		<key>2E5BC6071C828B3900E44618</key>
		<dict>
			<key>isa</key>
			<string>PBXFileReference</string>
			<key>lastKnownFileType</key>
			<string>image.png</string>
			<key>path</key>
			<string>top_bar_icons-07.png</string>
			<key>sourceTree</key>
			<string>&lt;group&gt;</string>
		</dict>
		<key>2E5BC6081C828B3900E44618</key>
		<dict>
			<key>fileRef</key>
			<string>2E5BC6071C828B3900E44618</string>
			<key>isa</key>
			<string>PBXBuildFile</string>
		</dict>
		<key>2E98342E1CB98C0A00F039C2</key>
		<dict>
			<key>isa</key>
			<string>PBXFileReference</string>
			<key>lastKnownFileType</key>
			<string>image.png</string>
			<key>name</key>
			<string>whats-in-my-air@2x.png</string>
			<key>path</key>
			<string>../../../icons/whats-in-my-air@2x.png</string>
			<key>sourceTree</key>
			<string>&lt;group&gt;</string>
		</dict>
		<key>2E98342F1CB98C0A00F039C2</key>
		<dict>
			<key>fileRef</key>
			<string>2E98342E1CB98C0A00F039C2</string>
			<key>isa</key>
			<string>PBXBuildFile</string>
		</dict>
		<key>2E9834301CB98C1000F039C2</key>
		<dict>
			<key>isa</key>
			<string>PBXFileReference</string>
			<key>lastKnownFileType</key>
			<string>image.png</string>
			<key>name</key>
			<string>aqi-visualizaition@2x.png</string>
			<key>path</key>
			<string>../../../icons/aqi-visualizaition@2x.png</string>
			<key>sourceTree</key>
			<string>&lt;group&gt;</string>
		</dict>
		<key>2E9834311CB98C1000F039C2</key>
		<dict>
			<key>fileRef</key>
			<string>2E9834301CB98C1000F039C2</string>
			<key>isa</key>
			<string>PBXBuildFile</string>
		</dict>
		<key>2E9834321CB98C1600F039C2</key>
		<dict>
			<key>isa</key>
			<string>PBXFileReference</string>
			<key>lastKnownFileType</key>
			<string>image.png</string>
			<key>name</key>
			<string>show-amur@2x.png</string>
			<key>path</key>
			<string>../../../icons/show-amur@2x.png</string>
			<key>sourceTree</key>
			<string>&lt;group&gt;</string>
		</dict>
		<key>2E9834331CB98C1600F039C2</key>
		<dict>
			<key>fileRef</key>
			<string>2E9834321CB98C1600F039C2</string>
			<key>isa</key>
			<string>PBXBuildFile</string>
		</dict>
		<key>2E9834341CB98C1D00F039C2</key>
		<dict>
			<key>isa</key>
			<string>PBXFileReference</string>
			<key>lastKnownFileType</key>
			<string>image.png</string>
			<key>name</key>
			<string>settings@2x.png</string>
			<key>path</key>
			<string>../../../icons/settings@2x.png</string>
			<key>sourceTree</key>
			<string>&lt;group&gt;</string>
		</dict>
		<key>2E9834351CB98C1D00F039C2</key>
		<dict>
			<key>fileRef</key>
			<string>2E9834341CB98C1D00F039C2</string>
			<key>isa</key>
			<string>PBXBuildFile</string>
		</dict>
		<key>2E9834361CB98C2400F039C2</key>
		<dict>
			<key>isa</key>
			<string>PBXFileReference</string>
			<key>lastKnownFileType</key>
			<string>image.png</string>
			<key>name</key>
			<string>what's-in-my-air_select@2x.png</string>
			<key>path</key>
			<string>../../icons/what's-in-my-air_select@2x.png</string>
			<key>sourceTree</key>
			<string>&lt;group&gt;</string>
		</dict>
		<key>2E9834371CB98C2400F039C2</key>
		<dict>
			<key>fileRef</key>
			<string>2E9834361CB98C2400F039C2</string>
			<key>isa</key>
			<string>PBXBuildFile</string>
		</dict>
		<key>2E9834381CB98C2C00F039C2</key>
		<dict>
			<key>isa</key>
			<string>PBXFileReference</string>
			<key>lastKnownFileType</key>
			<string>image.png</string>
			<key>name</key>
			<string>location@2x.png</string>
			<key>path</key>
			<string>../../../icons/location@2x.png</string>
			<key>sourceTree</key>
			<string>&lt;group&gt;</string>
		</dict>
		<key>2E9834391CB98C2C00F039C2</key>
		<dict>
			<key>fileRef</key>
			<string>2E9834381CB98C2C00F039C2</string>
			<key>isa</key>
			<string>PBXBuildFile</string>
		</dict>
		<key>2E98343A1CB98C3200F039C2</key>
		<dict>
			<key>isa</key>
			<string>PBXFileReference</string>
			<key>lastKnownFileType</key>
			<string>image.png</string>
			<key>name</key>
			<string>What-is-AQI@2x.png</string>
			<key>path</key>
			<string>../../../icons/What-is-AQI@2x.png</string>
			<key>sourceTree</key>
			<string>&lt;group&gt;</string>
		</dict>
		<key>2E98343B1CB98C3200F039C2</key>
		<dict>
			<key>fileRef</key>
			<string>2E98343A1CB98C3200F039C2</string>
			<key>isa</key>
			<string>PBXBuildFile</string>
		</dict>
		<key>2E9834421CB991FB00F039C2</key>
		<dict>
			<key>isa</key>
			<string>PBXFileReference</string>
			<key>lastKnownFileType</key>
			<string>image.png</string>
			<key>name</key>
			<string>what's-in-my-air_select@2x.png</string>
			<key>path</key>
			<string>../../../icons/what's-in-my-air_select@2x.png</string>
			<key>sourceTree</key>
			<string>&lt;group&gt;</string>
		</dict>
		<key>2E9834431CB991FB00F039C2</key>
		<dict>
			<key>fileRef</key>
			<string>2E9834421CB991FB00F039C2</string>
			<key>isa</key>
			<string>PBXBuildFile</string>
		</dict>
		<key>2E9834441CB9920200F039C2</key>
		<dict>
			<key>isa</key>
			<string>PBXFileReference</string>
			<key>lastKnownFileType</key>
			<string>image.png</string>
			<key>name</key>
			<string>aqi-visualization_select@2x.png</string>
			<key>path</key>
			<string>../../../icons/aqi-visualization_select@2x.png</string>
			<key>sourceTree</key>
			<string>&lt;group&gt;</string>
		</dict>
		<key>2E9834451CB9920200F039C2</key>
		<dict>
			<key>fileRef</key>
			<string>2E9834441CB9920200F039C2</string>
			<key>isa</key>
			<string>PBXBuildFile</string>
		</dict>
		<key>2E9834461CB9920A00F039C2</key>
		<dict>
			<key>isa</key>
			<string>PBXFileReference</string>
			<key>lastKnownFileType</key>
			<string>image.png</string>
			<key>name</key>
			<string>show-amur_select@2x.png</string>
			<key>path</key>
			<string>../../../icons/show-amur_select@2x.png</string>
			<key>sourceTree</key>
			<string>&lt;group&gt;</string>
		</dict>
		<key>2E9834471CB9920A00F039C2</key>
		<dict>
			<key>fileRef</key>
			<string>2E9834461CB9920A00F039C2</string>
			<key>isa</key>
			<string>PBXBuildFile</string>
		</dict>
		<key>2E9834481CB992E100F039C2</key>
		<dict>
			<key>isa</key>
			<string>PBXFileReference</string>
			<key>lastKnownFileType</key>
			<string>image.png</string>
			<key>name</key>
			<string>settings_select@2x.png</string>
			<key>path</key>
			<string>../../../icons/settings_select@2x.png</string>
			<key>sourceTree</key>
			<string>&lt;group&gt;</string>
		</dict>
		<key>2E9834491CB992E100F039C2</key>
		<dict>
			<key>fileRef</key>
			<string>2E9834481CB992E100F039C2</string>
			<key>isa</key>
			<string>PBXBuildFile</string>
		</dict>
		<key>2E98344A1CB9AE4500F039C2</key>
		<dict>
			<key>isa</key>
			<string>PBXFileReference</string>
			<key>lastKnownFileType</key>
			<string>image.png</string>
			<key>name</key>
			<string>AQIScale.png</string>
			<key>path</key>
			<string>../../../other/AQIScale.png</string>
			<key>sourceTree</key>
			<string>&lt;group&gt;</string>
		</dict>
		<key>2E98344B1CB9AE4500F039C2</key>
		<dict>
			<key>fileRef</key>
			<string>2E98344A1CB9AE4500F039C2</string>
			<key>isa</key>
			<string>PBXBuildFile</string>
		</dict>
		<key>2E98344C1CB9AE5400F039C2</key>
		<dict>
			<key>isa</key>
			<string>PBXFileReference</string>
			<key>lastKnownFileType</key>
			<string>image.png</string>
			<key>name</key>
			<string>Scale_thing.png</string>
			<key>path</key>
			<string>../../../other/Scale_thing.png</string>
			<key>sourceTree</key>
			<string>&lt;group&gt;</string>
		</dict>
		<key>2E98344D1CB9AE5400F039C2</key>
		<dict>
			<key>fileRef</key>
			<string>2E98344C1CB9AE5400F039C2</string>
			<key>isa</key>
			<string>PBXBuildFile</string>
		</dict>
		<key>2E9C56CA1C829B4900CF332D</key>
		<dict>
			<key>isa</key>
			<string>PBXFileReference</string>
			<key>lastKnownFileType</key>
			<string>wrapper.framework</string>
			<key>name</key>
			<string>MapKit.framework</string>
			<key>path</key>
			<string>System/Library/Frameworks/MapKit.framework</string>
			<key>sourceTree</key>
			<string>SDKROOT</string>
		</dict>
		<key>2E9C56CB1C829B4900CF332D</key>
		<dict>
			<key>fileRef</key>
			<string>2E9C56CA1C829B4900CF332D</string>
			<key>isa</key>
			<string>PBXBuildFile</string>
		</dict>
		<key>2E9C56CC1C829CBF00CF332D</key>
		<dict>
			<key>fileEncoding</key>
			<string>4</string>
			<key>isa</key>
			<string>PBXFileReference</string>
			<key>lastKnownFileType</key>
			<string>sourcecode.c.h</string>
			<key>path</key>
			<string>LocationViewController.h</string>
			<key>sourceTree</key>
			<string>&lt;group&gt;</string>
		</dict>
		<key>2E9C56CD1C829CBF00CF332D</key>
		<dict>
			<key>fileEncoding</key>
			<string>4</string>
			<key>isa</key>
			<string>PBXFileReference</string>
			<key>lastKnownFileType</key>
			<string>sourcecode.c.objc</string>
			<key>path</key>
			<string>LocationViewController.m</string>
			<key>sourceTree</key>
			<string>&lt;group&gt;</string>
		</dict>
		<key>2E9C56CE1C829CBF00CF332D</key>
		<dict>
			<key>fileRef</key>
			<string>2E9C56CD1C829CBF00CF332D</string>
			<key>isa</key>
			<string>PBXBuildFile</string>
		</dict>
		<key>2E9C56CF1C82C3E300CF332D</key>
		<dict>
			<key>fileEncoding</key>
			<string>4</string>
			<key>isa</key>
			<string>PBXFileReference</string>
			<key>lastKnownFileType</key>
			<string>sourcecode.c.h</string>
			<key>path</key>
			<string>HexColors.h</string>
			<key>sourceTree</key>
			<string>&lt;group&gt;</string>
		</dict>
		<key>2E9C56D01C82C41100CF332D</key>
		<dict>
			<key>fileEncoding</key>
			<string>4</string>
			<key>isa</key>
			<string>PBXFileReference</string>
			<key>lastKnownFileType</key>
			<string>sourcecode.c.objc</string>
			<key>path</key>
			<string>HexColors.m</string>
			<key>sourceTree</key>
			<string>&lt;group&gt;</string>
		</dict>
		<key>2E9C56D11C82C41100CF332D</key>
		<dict>
			<key>fileRef</key>
			<string>2E9C56D01C82C41100CF332D</string>
			<key>isa</key>
			<string>PBXBuildFile</string>
		</dict>
		<key>2E9C56D21C82DAA000CF332D</key>
		<dict>
			<key>isa</key>
			<string>PBXFileReference</string>
			<key>lastKnownFileType</key>
			<string>image.png</string>
			<key>path</key>
			<string>bar_parts-02.png</string>
			<key>sourceTree</key>
			<string>&lt;group&gt;</string>
		</dict>
		<key>2E9C56D31C82DAA000CF332D</key>
		<dict>
			<key>fileRef</key>
			<string>2E9C56D21C82DAA000CF332D</string>
			<key>isa</key>
			<string>PBXBuildFile</string>
		</dict>
		<key>2E9C56D41C82DAA900CF332D</key>
		<dict>
			<key>isa</key>
			<string>PBXFileReference</string>
			<key>lastKnownFileType</key>
			<string>image.png</string>
			<key>path</key>
			<string>bar_parts-01.png</string>
			<key>sourceTree</key>
			<string>&lt;group&gt;</string>
		</dict>
		<key>2E9C56D51C82DAA900CF332D</key>
		<dict>
			<key>fileRef</key>
			<string>2E9C56D41C82DAA900CF332D</string>
			<key>isa</key>
			<string>PBXBuildFile</string>
		</dict>
		<key>2EC0054B1CB0697000650222</key>
		<dict>
			<key>isa</key>
			<string>PBXFileReference</string>
			<key>lastKnownFileType</key>
			<string>sourcecode.c.h</string>
			<key>path</key>
			<string>Amur-Bridging-Header.h</string>
			<key>sourceTree</key>
			<string>&lt;group&gt;</string>
		</dict>
		<key>2EC0054C1CB0697000650222</key>
		<dict>
			<key>fileEncoding</key>
			<string>4</string>
			<key>isa</key>
			<string>PBXFileReference</string>
			<key>lastKnownFileType</key>
			<string>sourcecode.swift</string>
			<key>path</key>
			<string>ParticleViewController.swift</string>
			<key>sourceTree</key>
			<string>&lt;group&gt;</string>
		</dict>
		<key>2EC0054D1CB0697000650222</key>
		<dict>
			<key>fileRef</key>
			<string>2EC0054C1CB0697000650222</string>
			<key>isa</key>
			<string>PBXBuildFile</string>
		</dict>
		<key>2EC3A12F1CA72D4A00BFAC59</key>
		<dict>
			<key>fileEncoding</key>
			<string>4</string>
			<key>isa</key>
			<string>PBXFileReference</string>
			<key>lastKnownFileType</key>
			<string>sourcecode.c.h</string>
			<key>path</key>
			<string>WIYAViewController.h</string>
			<key>sourceTree</key>
			<string>&lt;group&gt;</string>
		</dict>
		<key>2EC3A1301CA72D4A00BFAC59</key>
		<dict>
			<key>fileEncoding</key>
			<string>4</string>
			<key>isa</key>
			<string>PBXFileReference</string>
			<key>lastKnownFileType</key>
			<string>sourcecode.c.objc</string>
			<key>path</key>
			<string>WIYAViewController.m</string>
			<key>sourceTree</key>
			<string>&lt;group&gt;</string>
		</dict>
		<key>2EC3A1311CA72D4A00BFAC59</key>
		<dict>
			<key>fileRef</key>
			<string>2EC3A1301CA72D4A00BFAC59</string>
			<key>isa</key>
			<string>PBXBuildFile</string>
		</dict>
		<key>2EC3A1321CA74C8600BFAC59</key>
		<dict>
			<key>isa</key>
			<string>PBXFileReference</string>
			<key>lastKnownFileType</key>
			<string>image.png</string>
			<key>path</key>
			<string>IMG_1745.PNG</string>
			<key>sourceTree</key>
			<string>&lt;group&gt;</string>
		</dict>
		<key>2EC3A1331CA74C8600BFAC59</key>
		<dict>
			<key>fileRef</key>
			<string>2EC3A1321CA74C8600BFAC59</string>
			<key>isa</key>
			<string>PBXBuildFile</string>
		</dict>
		<key>2EC3A1341CA74C8C00BFAC59</key>
		<dict>
			<key>isa</key>
			<string>PBXFileReference</string>
			<key>lastKnownFileType</key>
			<string>image.png</string>
			<key>path</key>
			<string>IMG_1743.PNG</string>
			<key>sourceTree</key>
			<string>&lt;group&gt;</string>
		</dict>
		<key>2EC3A1351CA74C8C00BFAC59</key>
		<dict>
			<key>fileRef</key>
			<string>2EC3A1341CA74C8C00BFAC59</string>
			<key>isa</key>
			<string>PBXBuildFile</string>
		</dict>
		<key>2EC3A1361CA74C9E00BFAC59</key>
		<dict>
			<key>isa</key>
			<string>PBXFileReference</string>
			<key>lastKnownFileType</key>
			<string>image.png</string>
			<key>path</key>
			<string>IMG_1744.PNG</string>
			<key>sourceTree</key>
			<string>&lt;group&gt;</string>
		</dict>
		<key>2EC3A1371CA74C9E00BFAC59</key>
		<dict>
			<key>fileRef</key>
			<string>2EC3A1361CA74C9E00BFAC59</string>
			<key>isa</key>
			<string>PBXBuildFile</string>
		</dict>
		<key>2EC3A1381CA74CA500BFAC59</key>
		<dict>
			<key>isa</key>
			<string>PBXFileReference</string>
			<key>lastKnownFileType</key>
			<string>image.png</string>
			<key>path</key>
			<string>IMG_1742.PNG</string>
			<key>sourceTree</key>
			<string>&lt;group&gt;</string>
		</dict>
		<key>2EC3A1391CA74CA500BFAC59</key>
		<dict>
			<key>fileRef</key>
			<string>2EC3A1381CA74CA500BFAC59</string>
			<key>isa</key>
			<string>PBXBuildFile</string>
		</dict>
		<key>2EC3A13A1CA74CC300BFAC59</key>
		<dict>
			<key>isa</key>
			<string>PBXFileReference</string>
			<key>lastKnownFileType</key>
			<string>image.png</string>
			<key>path</key>
			<string>IMG_1747.PNG</string>
			<key>sourceTree</key>
			<string>&lt;group&gt;</string>
		</dict>
		<key>2EC3A13B1CA74CC300BFAC59</key>
		<dict>
			<key>fileRef</key>
			<string>2EC3A13A1CA74CC300BFAC59</string>
			<key>isa</key>
			<string>PBXBuildFile</string>
		</dict>
		<key>2EC3A13C1CA74CC900BFAC59</key>
		<dict>
			<key>isa</key>
			<string>PBXFileReference</string>
			<key>lastKnownFileType</key>
			<string>image.png</string>
			<key>path</key>
			<string>IMG_1748.PNG</string>
			<key>sourceTree</key>
			<string>&lt;group&gt;</string>
		</dict>
		<key>2EC3A13D1CA74CC900BFAC59</key>
		<dict>
			<key>fileRef</key>
			<string>2EC3A13C1CA74CC900BFAC59</string>
			<key>isa</key>
			<string>PBXBuildFile</string>
		</dict>
		<key>2EC3A13E1CA74CD000BFAC59</key>
		<dict>
			<key>isa</key>
			<string>PBXFileReference</string>
			<key>lastKnownFileType</key>
			<string>image.png</string>
			<key>path</key>
			<string>IMG_1749.PNG</string>
			<key>sourceTree</key>
			<string>&lt;group&gt;</string>
		</dict>
		<key>2EC3A13F1CA74CD000BFAC59</key>
		<dict>
			<key>fileRef</key>
			<string>2EC3A13E1CA74CD000BFAC59</string>
			<key>isa</key>
			<string>PBXBuildFile</string>
		</dict>
		<key>2EC3A1401CA74CD500BFAC59</key>
		<dict>
			<key>isa</key>
			<string>PBXFileReference</string>
			<key>lastKnownFileType</key>
			<string>image.png</string>
			<key>path</key>
			<string>IMG_1750.PNG</string>
			<key>sourceTree</key>
			<string>&lt;group&gt;</string>
		</dict>
		<key>2EC3A1411CA74CD500BFAC59</key>
		<dict>
			<key>fileRef</key>
			<string>2EC3A1401CA74CD500BFAC59</string>
			<key>isa</key>
			<string>PBXBuildFile</string>
		</dict>
		<key>2ED0093B1CA74F8E003F0FF2</key>
		<dict>
			<key>isa</key>
			<string>PBXFileReference</string>
			<key>lastKnownFileType</key>
			<string>image.png</string>
			<key>path</key>
			<string>IMG_1746.PNG</string>
			<key>sourceTree</key>
			<string>&lt;group&gt;</string>
		</dict>
		<key>2ED0093C1CA74F8E003F0FF2</key>
		<dict>
			<key>fileRef</key>
			<string>2ED0093B1CA74F8E003F0FF2</string>
			<key>isa</key>
			<string>PBXBuildFile</string>
		</dict>
		<key>2EFEDFB81CB06C5300EA452E</key>
		<dict>
			<key>isa</key>
			<string>PBXFileReference</string>
			<key>lastKnownFileType</key>
			<string>file.scp</string>
			<key>path</key>
			<string>air.scnp</string>
			<key>sourceTree</key>
			<string>&lt;group&gt;</string>
		</dict>
		<key>2EFEDFB91CB06C5300EA452E</key>
		<dict>
			<key>fileRef</key>
			<string>2EFEDFB81CB06C5300EA452E</string>
			<key>isa</key>
			<string>PBXBuildFile</string>
		</dict>
		<key>2EFEDFBA1CB06C6200EA452E</key>
		<dict>
			<key>isa</key>
			<string>PBXFileReference</string>
			<key>lastKnownFileType</key>
			<string>image.png</string>
			<key>path</key>
			<string>bokeh.png</string>
			<key>sourceTree</key>
			<string>&lt;group&gt;</string>
		</dict>
		<key>2EFEDFBB1CB06C6200EA452E</key>
		<dict>
			<key>fileRef</key>
			<string>2EFEDFBA1CB06C6200EA452E</string>
			<key>isa</key>
			<string>PBXBuildFile</string>
		</dict>
		<key>2EFEDFBC1CB0778D00EA452E</key>
		<dict>
			<key>isa</key>
			<string>PBXFileReference</string>
			<key>lastKnownFileType</key>
			<string>wrapper.framework</string>
			<key>name</key>
			<string>SceneKit.framework</string>
			<key>path</key>
			<string>System/Library/Frameworks/SceneKit.framework</string>
			<key>sourceTree</key>
			<string>SDKROOT</string>
		</dict>
		<key>2EFEDFBD1CB0778D00EA452E</key>
		<dict>
			<key>fileRef</key>
			<string>2EFEDFBC1CB0778D00EA452E</string>
			<key>isa</key>
			<string>PBXBuildFile</string>
		</dict>
		<key>2EFEDFBE1CB0782100EA452E</key>
		<dict>
			<key>isa</key>
			<string>PBXFileReference</string>
			<key>lastKnownFileType</key>
			<string>wrapper.framework</string>
			<key>name</key>
			<string>CoreMotion.framework</string>
			<key>path</key>
			<string>System/Library/Frameworks/CoreMotion.framework</string>
			<key>sourceTree</key>
			<string>SDKROOT</string>
		</dict>
		<key>2EFEDFBF1CB0782100EA452E</key>
		<dict>
			<key>fileRef</key>
			<string>2EFEDFBE1CB0782100EA452E</string>
			<key>isa</key>
			<string>PBXBuildFile</string>
		</dict>
	</dict>
	<key>rootObject</key>
	<string>2E13B8B81C821E3C004DD0C2</string>
</dict>
</plist>
