// !$*UTF8*$!
{
	archiveVersion = 1;
	classes = {
	};
	objectVersion = 46;
	objects = {

/* Begin PBXBuildFile section */
		2E13B8C51C821E3C004DD0C2 /* main.m in Sources */ = {isa = PBXBuildFile; fileRef = 2E13B8C41C821E3C004DD0C2 /* main.m */; };
		2E13B8C81C821E3C004DD0C2 /* AppDelegate.m in Sources */ = {isa = PBXBuildFile; fileRef = 2E13B8C71C821E3C004DD0C2 /* AppDelegate.m */; };
		2E13B8CB1C821E3C004DD0C2 /* FirstViewController.m in Sources */ = {isa = PBXBuildFile; fileRef = 2E13B8CA1C821E3C004DD0C2 /* FirstViewController.m */; };
		2E13B8CE1C821E3C004DD0C2 /* SecondViewController.m in Sources */ = {isa = PBXBuildFile; fileRef = 2E13B8CD1C821E3C004DD0C2 /* SecondViewController.m */; };
		2E13B8D11C821E3C004DD0C2 /* Main.storyboard in Resources */ = {isa = PBXBuildFile; fileRef = 2E13B8CF1C821E3C004DD0C2 /* Main.storyboard */; };
		2E13B8D31C821E3C004DD0C2 /* Assets.xcassets in Resources */ = {isa = PBXBuildFile; fileRef = 2E13B8D21C821E3C004DD0C2 /* Assets.xcassets */; };
		2E13B8D61C821E3C004DD0C2 /* LaunchScreen.storyboard in Resources */ = {isa = PBXBuildFile; fileRef = 2E13B8D41C821E3C004DD0C2 /* LaunchScreen.storyboard */; };
		2E13B8E11C821E3C004DD0C2 /* AmurTests.m in Sources */ = {isa = PBXBuildFile; fileRef = 2E13B8E01C821E3C004DD0C2 /* AmurTests.m */; };
		2E13B8EC1C821E3C004DD0C2 /* AmurUITests.m in Sources */ = {isa = PBXBuildFile; fileRef = 2E13B8EB1C821E3C004DD0C2 /* AmurUITests.m */; };
/* End PBXBuildFile section */

/* Begin PBXContainerItemProxy section */
		2E13B8DD1C821E3C004DD0C2 /* PBXContainerItemProxy */ = {
			isa = PBXContainerItemProxy;
			containerPortal = 2E13B8B81C821E3C004DD0C2 /* Project object */;
			proxyType = 1;
			remoteGlobalIDString = 2E13B8BF1C821E3C004DD0C2;
			remoteInfo = Amur;
		};
		2E13B8E81C821E3C004DD0C2 /* PBXContainerItemProxy */ = {
			isa = PBXContainerItemProxy;
			containerPortal = 2E13B8B81C821E3C004DD0C2 /* Project object */;
			proxyType = 1;
			remoteGlobalIDString = 2E13B8BF1C821E3C004DD0C2;
			remoteInfo = Amur;
		};
/* End PBXContainerItemProxy section */

/* Begin PBXFileReference section */
		2E13B8C01C821E3C004DD0C2 /* Amur.app */ = {isa = PBXFileReference; explicitFileType = wrapper.application; includeInIndex = 0; path = Amur.app; sourceTree = BUILT_PRODUCTS_DIR; };
		2E13B8C41C821E3C004DD0C2 /* main.m */ = {isa = PBXFileReference; lastKnownFileType = sourcecode.c.objc; path = main.m; sourceTree = "<group>"; };
		2E13B8C61C821E3C004DD0C2 /* AppDelegate.h */ = {isa = PBXFileReference; lastKnownFileType = sourcecode.c.h; path = AppDelegate.h; sourceTree = "<group>"; };
		2E13B8C71C821E3C004DD0C2 /* AppDelegate.m */ = {isa = PBXFileReference; lastKnownFileType = sourcecode.c.objc; path = AppDelegate.m; sourceTree = "<group>"; };
		2E13B8C91C821E3C004DD0C2 /* FirstViewController.h */ = {isa = PBXFileReference; lastKnownFileType = sourcecode.c.h; path = FirstViewController.h; sourceTree = "<group>"; };
		2E13B8CA1C821E3C004DD0C2 /* FirstViewController.m */ = {isa = PBXFileReference; lastKnownFileType = sourcecode.c.objc; path = FirstViewController.m; sourceTree = "<group>"; };
		2E13B8CC1C821E3C004DD0C2 /* SecondViewController.h */ = {isa = PBXFileReference; lastKnownFileType = sourcecode.c.h; path = SecondViewController.h; sourceTree = "<group>"; };
		2E13B8CD1C821E3C004DD0C2 /* SecondViewController.m */ = {isa = PBXFileReference; lastKnownFileType = sourcecode.c.objc; path = SecondViewController.m; sourceTree = "<group>"; };
		2E13B8D01C821E3C004DD0C2 /* Base */ = {isa = PBXFileReference; lastKnownFileType = file.storyboard; name = Base; path = Base.lproj/Main.storyboard; sourceTree = "<group>"; };
		2E13B8D21C821E3C004DD0C2 /* Assets.xcassets */ = {isa = PBXFileReference; lastKnownFileType = folder.assetcatalog; path = Assets.xcassets; sourceTree = "<group>"; };
		2E13B8D51C821E3C004DD0C2 /* Base */ = {isa = PBXFileReference; lastKnownFileType = file.storyboard; name = Base; path = Base.lproj/LaunchScreen.storyboard; sourceTree = "<group>"; };
		2E13B8D71C821E3C004DD0C2 /* Info.plist */ = {isa = PBXFileReference; lastKnownFileType = text.plist.xml; path = Info.plist; sourceTree = "<group>"; };
		2E13B8DC1C821E3C004DD0C2 /* AmurTests.xctest */ = {isa = PBXFileReference; explicitFileType = wrapper.cfbundle; includeInIndex = 0; path = AmurTests.xctest; sourceTree = BUILT_PRODUCTS_DIR; };
		2E13B8E01C821E3C004DD0C2 /* AmurTests.m */ = {isa = PBXFileReference; lastKnownFileType = sourcecode.c.objc; path = AmurTests.m; sourceTree = "<group>"; };
		2E13B8E21C821E3C004DD0C2 /* Info.plist */ = {isa = PBXFileReference; lastKnownFileType = text.plist.xml; path = Info.plist; sourceTree = "<group>"; };
		2E13B8E71C821E3C004DD0C2 /* AmurUITests.xctest */ = {isa = PBXFileReference; explicitFileType = wrapper.cfbundle; includeInIndex = 0; path = AmurUITests.xctest; sourceTree = BUILT_PRODUCTS_DIR; };
		2E13B8EB1C821E3C004DD0C2 /* AmurUITests.m */ = {isa = PBXFileReference; lastKnownFileType = sourcecode.c.objc; path = AmurUITests.m; sourceTree = "<group>"; };
		2E13B8ED1C821E3C004DD0C2 /* Info.plist */ = {isa = PBXFileReference; lastKnownFileType = text.plist.xml; path = Info.plist; sourceTree = "<group>"; };
/* End PBXFileReference section */

/* Begin PBXFrameworksBuildPhase section */
		2E13B8BD1C821E3C004DD0C2 /* Frameworks */ = {
			isa = PBXFrameworksBuildPhase;
			buildActionMask = 2147483647;
			files = (
			);
			runOnlyForDeploymentPostprocessing = 0;
		};
		2E13B8D91C821E3C004DD0C2 /* Frameworks */ = {
			isa = PBXFrameworksBuildPhase;
			buildActionMask = 2147483647;
			files = (
			);
			runOnlyForDeploymentPostprocessing = 0;
		};
		2E13B8E41C821E3C004DD0C2 /* Frameworks */ = {
			isa = PBXFrameworksBuildPhase;
			buildActionMask = 2147483647;
			files = (
			);
			runOnlyForDeploymentPostprocessing = 0;
		};
/* End PBXFrameworksBuildPhase section */

/* Begin PBXGroup section */
		2E13B8B71C821E3C004DD0C2 = {
			isa = PBXGroup;
			children = (
				2E13B8C21C821E3C004DD0C2 /* Amur */,
				2E13B8DF1C821E3C004DD0C2 /* AmurTests */,
				2E13B8EA1C821E3C004DD0C2 /* AmurUITests */,
				2E13B8C11C821E3C004DD0C2 /* Products */,
			);
			sourceTree = "<group>";
		};
		2E13B8C11C821E3C004DD0C2 /* Products */ = {
			isa = PBXGroup;
			children = (
				2E13B8C01C821E3C004DD0C2 /* Amur.app */,
				2E13B8DC1C821E3C004DD0C2 /* AmurTests.xctest */,
				2E13B8E71C821E3C004DD0C2 /* AmurUITests.xctest */,
			);
			name = Products;
			sourceTree = "<group>";
		};
		2E13B8C21C821E3C004DD0C2 /* Amur */ = {
			isa = PBXGroup;
			children = (
				2E13B8C61C821E3C004DD0C2 /* AppDelegate.h */,
				2E13B8C71C821E3C004DD0C2 /* AppDelegate.m */,
				2E13B8C91C821E3C004DD0C2 /* FirstViewController.h */,
				2E13B8CA1C821E3C004DD0C2 /* FirstViewController.m */,
				2E13B8CC1C821E3C004DD0C2 /* SecondViewController.h */,
				2E13B8CD1C821E3C004DD0C2 /* SecondViewController.m */,
				2E13B8CF1C821E3C004DD0C2 /* Main.storyboard */,
				2E13B8D21C821E3C004DD0C2 /* Assets.xcassets */,
				2E13B8D41C821E3C004DD0C2 /* LaunchScreen.storyboard */,
				2E13B8D71C821E3C004DD0C2 /* Info.plist */,
				2E13B8C31C821E3C004DD0C2 /* Supporting Files */,
			);
			path = Amur;
			sourceTree = "<group>";
		};
		2E13B8C31C821E3C004DD0C2 /* Supporting Files */ = {
			isa = PBXGroup;
			children = (
				2E13B8C41C821E3C004DD0C2 /* main.m */,
			);
			name = "Supporting Files";
			sourceTree = "<group>";
		};
		2E13B8DF1C821E3C004DD0C2 /* AmurTests */ = {
			isa = PBXGroup;
			children = (
				2E13B8E01C821E3C004DD0C2 /* AmurTests.m */,
				2E13B8E21C821E3C004DD0C2 /* Info.plist */,
			);
			path = AmurTests;
			sourceTree = "<group>";
		};
		2E13B8EA1C821E3C004DD0C2 /* AmurUITests */ = {
			isa = PBXGroup;
			children = (
				2E13B8EB1C821E3C004DD0C2 /* AmurUITests.m */,
				2E13B8ED1C821E3C004DD0C2 /* Info.plist */,
			);
			path = AmurUITests;
			sourceTree = "<group>";
		};
/* End PBXGroup section */

/* Begin PBXNativeTarget section */
		2E13B8BF1C821E3C004DD0C2 /* Amur */ = {
			isa = PBXNativeTarget;
			buildConfigurationList = 2E13B8F01C821E3C004DD0C2 /* Build configuration list for PBXNativeTarget "Amur" */;
			buildPhases = (
				2E13B8BC1C821E3C004DD0C2 /* Sources */,
				2E13B8BD1C821E3C004DD0C2 /* Frameworks */,
				2E13B8BE1C821E3C004DD0C2 /* Resources */,
			);
			buildRules = (
			);
			dependencies = (
			);
			name = Amur;
			productName = Amur;
			productReference = 2E13B8C01C821E3C004DD0C2 /* Amur.app */;
			productType = "com.apple.product-type.application";
		};
		2E13B8DB1C821E3C004DD0C2 /* AmurTests */ = {
			isa = PBXNativeTarget;
			buildConfigurationList = 2E13B8F31C821E3C004DD0C2 /* Build configuration list for PBXNativeTarget "AmurTests" */;
			buildPhases = (
				2E13B8D81C821E3C004DD0C2 /* Sources */,
				2E13B8D91C821E3C004DD0C2 /* Frameworks */,
				2E13B8DA1C821E3C004DD0C2 /* Resources */,
			);
			buildRules = (
			);
			dependencies = (
				2E13B8DE1C821E3C004DD0C2 /* PBXTargetDependency */,
			);
			name = AmurTests;
			productName = AmurTests;
			productReference = 2E13B8DC1C821E3C004DD0C2 /* AmurTests.xctest */;
			productType = "com.apple.product-type.bundle.unit-test";
		};
		2E13B8E61C821E3C004DD0C2 /* AmurUITests */ = {
			isa = PBXNativeTarget;
			buildConfigurationList = 2E13B8F61C821E3C004DD0C2 /* Build configuration list for PBXNativeTarget "AmurUITests" */;
			buildPhases = (
				2E13B8E31C821E3C004DD0C2 /* Sources */,
				2E13B8E41C821E3C004DD0C2 /* Frameworks */,
				2E13B8E51C821E3C004DD0C2 /* Resources */,
			);
			buildRules = (
			);
			dependencies = (
				2E13B8E91C821E3C004DD0C2 /* PBXTargetDependency */,
			);
			name = AmurUITests;
			productName = AmurUITests;
			productReference = 2E13B8E71C821E3C004DD0C2 /* AmurUITests.xctest */;
			productType = "com.apple.product-type.bundle.ui-testing";
		};
/* End PBXNativeTarget section */

/* Begin PBXProject section */
		2E13B8B81C821E3C004DD0C2 /* Project object */ = {
			isa = PBXProject;
			attributes = {
				LastUpgradeCheck = 0720;
				ORGANIZATIONNAME = "Shreyas Hirday";
				TargetAttributes = {
					2E13B8BF1C821E3C004DD0C2 = {
						CreatedOnToolsVersion = 7.2.1;
					};
					2E13B8DB1C821E3C004DD0C2 = {
						CreatedOnToolsVersion = 7.2.1;
						TestTargetID = 2E13B8BF1C821E3C004DD0C2;
					};
					2E13B8E61C821E3C004DD0C2 = {
						CreatedOnToolsVersion = 7.2.1;
						TestTargetID = 2E13B8BF1C821E3C004DD0C2;
					};
				};
			};
			buildConfigurationList = 2E13B8BB1C821E3C004DD0C2 /* Build configuration list for PBXProject "Amur" */;
			compatibilityVersion = "Xcode 3.2";
			developmentRegion = English;
			hasScannedForEncodings = 0;
			knownRegions = (
				en,
				Base,
			);
			mainGroup = 2E13B8B71C821E3C004DD0C2;
			productRefGroup = 2E13B8C11C821E3C004DD0C2 /* Products */;
			projectDirPath = "";
			projectRoot = "";
			targets = (
				2E13B8BF1C821E3C004DD0C2 /* Amur */,
				2E13B8DB1C821E3C004DD0C2 /* AmurTests */,
				2E13B8E61C821E3C004DD0C2 /* AmurUITests */,
			);
		};
/* End PBXProject section */

/* Begin PBXResourcesBuildPhase section */
		2E13B8BE1C821E3C004DD0C2 /* Resources */ = {
			isa = PBXResourcesBuildPhase;
			buildActionMask = 2147483647;
			files = (
				2E13B8D61C821E3C004DD0C2 /* LaunchScreen.storyboard in Resources */,
				2E13B8D31C821E3C004DD0C2 /* Assets.xcassets in Resources */,
				2E13B8D11C821E3C004DD0C2 /* Main.storyboard in Resources */,
			);
			runOnlyForDeploymentPostprocessing = 0;
		};
		2E13B8DA1C821E3C004DD0C2 /* Resources */ = {
			isa = PBXResourcesBuildPhase;
			buildActionMask = 2147483647;
			files = (
			);
			runOnlyForDeploymentPostprocessing = 0;
		};
		2E13B8E51C821E3C004DD0C2 /* Resources */ = {
			isa = PBXResourcesBuildPhase;
			buildActionMask = 2147483647;
			files = (
			);
			runOnlyForDeploymentPostprocessing = 0;
		};
/* End PBXResourcesBuildPhase section */

/* Begin PBXSourcesBuildPhase section */
		2E13B8BC1C821E3C004DD0C2 /* Sources */ = {
			isa = PBXSourcesBuildPhase;
			buildActionMask = 2147483647;
			files = (
				2E13B8CE1C821E3C004DD0C2 /* SecondViewController.m in Sources */,
				2E13B8C81C821E3C004DD0C2 /* AppDelegate.m in Sources */,
				2E13B8CB1C821E3C004DD0C2 /* FirstViewController.m in Sources */,
				2E13B8C51C821E3C004DD0C2 /* main.m in Sources */,
			);
			runOnlyForDeploymentPostprocessing = 0;
		};
		2E13B8D81C821E3C004DD0C2 /* Sources */ = {
			isa = PBXSourcesBuildPhase;
			buildActionMask = 2147483647;
			files = (
				2E13B8E11C821E3C004DD0C2 /* AmurTests.m in Sources */,
			);
			runOnlyForDeploymentPostprocessing = 0;
		};
		2E13B8E31C821E3C004DD0C2 /* Sources */ = {
			isa = PBXSourcesBuildPhase;
			buildActionMask = 2147483647;
			files = (
				2E13B8EC1C821E3C004DD0C2 /* AmurUITests.m in Sources */,
			);
			runOnlyForDeploymentPostprocessing = 0;
		};
/* End PBXSourcesBuildPhase section */

/* Begin PBXTargetDependency section */
		2E13B8DE1C821E3C004DD0C2 /* PBXTargetDependency */ = {
			isa = PBXTargetDependency;
			target = 2E13B8BF1C821E3C004DD0C2 /* Amur */;
			targetProxy = 2E13B8DD1C821E3C004DD0C2 /* PBXContainerItemProxy */;
		};
		2E13B8E91C821E3C004DD0C2 /* PBXTargetDependency */ = {
			isa = PBXTargetDependency;
			target = 2E13B8BF1C821E3C004DD0C2 /* Amur */;
			targetProxy = 2E13B8E81C821E3C004DD0C2 /* PBXContainerItemProxy */;
		};
/* End PBXTargetDependency section */

/* Begin PBXVariantGroup section */
		2E13B8CF1C821E3C004DD0C2 /* Main.storyboard */ = {
			isa = PBXVariantGroup;
			children = (
				2E13B8D01C821E3C004DD0C2 /* Base */,
			);
			name = Main.storyboard;
			sourceTree = "<group>";
		};
		2E13B8D41C821E3C004DD0C2 /* LaunchScreen.storyboard */ = {
			isa = PBXVariantGroup;
			children = (
				2E13B8D51C821E3C004DD0C2 /* Base */,
			);
			name = LaunchScreen.storyboard;
			sourceTree = "<group>";
		};
/* End PBXVariantGroup section */

/* Begin XCBuildConfiguration section */
		2E13B8EE1C821E3C004DD0C2 /* Debug */ = {
			isa = XCBuildConfiguration;
			buildSettings = {
				ALWAYS_SEARCH_USER_PATHS = NO;
				CLANG_CXX_LANGUAGE_STANDARD = "gnu++0x";
				CLANG_CXX_LIBRARY = "libc++";
				CLANG_ENABLE_MODULES = YES;
				CLANG_ENABLE_OBJC_ARC = YES;
				CLANG_WARN_BOOL_CONVERSION = YES;
				CLANG_WARN_CONSTANT_CONVERSION = YES;
				CLANG_WARN_DIRECT_OBJC_ISA_USAGE = YES_ERROR;
				CLANG_WARN_EMPTY_BODY = YES;
				CLANG_WARN_ENUM_CONVERSION = YES;
				CLANG_WARN_INT_CONVERSION = YES;
				CLANG_WARN_OBJC_ROOT_CLASS = YES_ERROR;
				CLANG_WARN_UNREACHABLE_CODE = YES;
				CLANG_WARN__DUPLICATE_METHOD_MATCH = YES;
				"CODE_SIGN_IDENTITY[sdk=iphoneos*]" = "iPhone Developer";
				COPY_PHASE_STRIP = NO;
				DEBUG_INFORMATION_FORMAT = dwarf;
				ENABLE_STRICT_OBJC_MSGSEND = YES;
				ENABLE_TESTABILITY = YES;
				GCC_C_LANGUAGE_STANDARD = gnu99;
				GCC_DYNAMIC_NO_PIC = NO;
				GCC_NO_COMMON_BLOCKS = YES;
				GCC_OPTIMIZATION_LEVEL = 0;
				GCC_PREPROCESSOR_DEFINITIONS = (
					"DEBUG=1",
					"$(inherited)",
				);
				GCC_WARN_64_TO_32_BIT_CONVERSION = YES;
				GCC_WARN_ABOUT_RETURN_TYPE = YES_ERROR;
				GCC_WARN_UNDECLARED_SELECTOR = YES;
				GCC_WARN_UNINITIALIZED_AUTOS = YES_AGGRESSIVE;
				GCC_WARN_UNUSED_FUNCTION = YES;
				GCC_WARN_UNUSED_VARIABLE = YES;
				IPHONEOS_DEPLOYMENT_TARGET = 9.2;
				MTL_ENABLE_DEBUG_INFO = YES;
				ONLY_ACTIVE_ARCH = YES;
				SDKROOT = iphoneos;
			};
			name = Debug;
		};
		2E13B8EF1C821E3C004DD0C2 /* Release */ = {
			isa = XCBuildConfiguration;
			buildSettings = {
				ALWAYS_SEARCH_USER_PATHS = NO;
				CLANG_CXX_LANGUAGE_STANDARD = "gnu++0x";
				CLANG_CXX_LIBRARY = "libc++";
				CLANG_ENABLE_MODULES = YES;
				CLANG_ENABLE_OBJC_ARC = YES;
				CLANG_WARN_BOOL_CONVERSION = YES;
				CLANG_WARN_CONSTANT_CONVERSION = YES;
				CLANG_WARN_DIRECT_OBJC_ISA_USAGE = YES_ERROR;
				CLANG_WARN_EMPTY_BODY = YES;
				CLANG_WARN_ENUM_CONVERSION = YES;
				CLANG_WARN_INT_CONVERSION = YES;
				CLANG_WARN_OBJC_ROOT_CLASS = YES_ERROR;
				CLANG_WARN_UNREACHABLE_CODE = YES;
				CLANG_WARN__DUPLICATE_METHOD_MATCH = YES;
				"CODE_SIGN_IDENTITY[sdk=iphoneos*]" = "iPhone Developer";
				COPY_PHASE_STRIP = NO;
				DEBUG_INFORMATION_FORMAT = "dwarf-with-dsym";
				ENABLE_NS_ASSERTIONS = NO;
				ENABLE_STRICT_OBJC_MSGSEND = YES;
				GCC_C_LANGUAGE_STANDARD = gnu99;
				GCC_NO_COMMON_BLOCKS = YES;
				GCC_WARN_64_TO_32_BIT_CONVERSION = YES;
				GCC_WARN_ABOUT_RETURN_TYPE = YES_ERROR;
				GCC_WARN_UNDECLARED_SELECTOR = YES;
				GCC_WARN_UNINITIALIZED_AUTOS = YES_AGGRESSIVE;
				GCC_WARN_UNUSED_FUNCTION = YES;
				GCC_WARN_UNUSED_VARIABLE = YES;
				IPHONEOS_DEPLOYMENT_TARGET = 9.2;
				MTL_ENABLE_DEBUG_INFO = NO;
				SDKROOT = iphoneos;
				VALIDATE_PRODUCT = YES;
			};
			name = Release;
		};
		2E13B8F11C821E3C004DD0C2 /* Debug */ = {
			isa = XCBuildConfiguration;
			buildSettings = {
				ASSETCATALOG_COMPILER_APPICON_NAME = AppIcon;
				INFOPLIST_FILE = Amur/Info.plist;
				LD_RUNPATH_SEARCH_PATHS = "$(inherited) @executable_path/Frameworks";
				PRODUCT_BUNDLE_IDENTIFIER = com.shanifenne.Amur.Amur;
				PRODUCT_NAME = "$(TARGET_NAME)";
			};
			name = Debug;
		};
		2E13B8F21C821E3C004DD0C2 /* Release */ = {
			isa = XCBuildConfiguration;
			buildSettings = {
				ASSETCATALOG_COMPILER_APPICON_NAME = AppIcon;
				INFOPLIST_FILE = Amur/Info.plist;
				LD_RUNPATH_SEARCH_PATHS = "$(inherited) @executable_path/Frameworks";
				PRODUCT_BUNDLE_IDENTIFIER = com.shanifenne.Amur.Amur;
				PRODUCT_NAME = "$(TARGET_NAME)";
			};
			name = Release;
		};
		2E13B8F41C821E3C004DD0C2 /* Debug */ = {
			isa = XCBuildConfiguration;
			buildSettings = {
				BUNDLE_LOADER = "$(TEST_HOST)";
				INFOPLIST_FILE = AmurTests/Info.plist;
				LD_RUNPATH_SEARCH_PATHS = "$(inherited) @executable_path/Frameworks @loader_path/Frameworks";
				PRODUCT_BUNDLE_IDENTIFIER = com.shanifenne.Amur.AmurTests;
				PRODUCT_NAME = "$(TARGET_NAME)";
				TEST_HOST = "$(BUILT_PRODUCTS_DIR)/Amur.app/Amur";
			};
			name = Debug;
		};
		2E13B8F51C821E3C004DD0C2 /* Release */ = {
			isa = XCBuildConfiguration;
			buildSettings = {
				BUNDLE_LOADER = "$(TEST_HOST)";
				INFOPLIST_FILE = AmurTests/Info.plist;
				LD_RUNPATH_SEARCH_PATHS = "$(inherited) @executable_path/Frameworks @loader_path/Frameworks";
				PRODUCT_BUNDLE_IDENTIFIER = com.shanifenne.Amur.AmurTests;
				PRODUCT_NAME = "$(TARGET_NAME)";
				TEST_HOST = "$(BUILT_PRODUCTS_DIR)/Amur.app/Amur";
			};
			name = Release;
		};
		2E13B8F71C821E3C004DD0C2 /* Debug */ = {
			isa = XCBuildConfiguration;
			buildSettings = {
				INFOPLIST_FILE = AmurUITests/Info.plist;
				LD_RUNPATH_SEARCH_PATHS = "$(inherited) @executable_path/Frameworks @loader_path/Frameworks";
				PRODUCT_BUNDLE_IDENTIFIER = com.shanifenne.Amur.AmurUITests;
				PRODUCT_NAME = "$(TARGET_NAME)";
				TEST_TARGET_NAME = Amur;
				USES_XCTRUNNER = YES;
			};
			name = Debug;
		};
		2E13B8F81C821E3C004DD0C2 /* Release */ = {
			isa = XCBuildConfiguration;
			buildSettings = {
				INFOPLIST_FILE = AmurUITests/Info.plist;
				LD_RUNPATH_SEARCH_PATHS = "$(inherited) @executable_path/Frameworks @loader_path/Frameworks";
				PRODUCT_BUNDLE_IDENTIFIER = com.shanifenne.Amur.AmurUITests;
				PRODUCT_NAME = "$(TARGET_NAME)";
				TEST_TARGET_NAME = Amur;
				USES_XCTRUNNER = YES;
			};
			name = Release;
		};
/* End XCBuildConfiguration section */

/* Begin XCConfigurationList section */
		2E13B8BB1C821E3C004DD0C2 /* Build configuration list for PBXProject "Amur" */ = {
			isa = XCConfigurationList;
			buildConfigurations = (
				2E13B8EE1C821E3C004DD0C2 /* Debug */,
				2E13B8EF1C821E3C004DD0C2 /* Release */,
			);
			defaultConfigurationIsVisible = 0;
			defaultConfigurationName = Release;
		};
		2E13B8F01C821E3C004DD0C2 /* Build configuration list for PBXNativeTarget "Amur" */ = {
			isa = XCConfigurationList;
			buildConfigurations = (
				2E13B8F11C821E3C004DD0C2 /* Debug */,
				2E13B8F21C821E3C004DD0C2 /* Release */,
			);
			defaultConfigurationIsVisible = 0;
		};
		2E13B8F31C821E3C004DD0C2 /* Build configuration list for PBXNativeTarget "AmurTests" */ = {
			isa = XCConfigurationList;
			buildConfigurations = (
				2E13B8F41C821E3C004DD0C2 /* Debug */,
				2E13B8F51C821E3C004DD0C2 /* Release */,
			);
			defaultConfigurationIsVisible = 0;
		};
		2E13B8F61C821E3C004DD0C2 /* Build configuration list for PBXNativeTarget "AmurUITests" */ = {
			isa = XCConfigurationList;
			buildConfigurations = (
				2E13B8F71C821E3C004DD0C2 /* Debug */,
				2E13B8F81C821E3C004DD0C2 /* Release */,
			);
			defaultConfigurationIsVisible = 0;
		};
/* End XCConfigurationList section */
	};
	rootObject = 2E13B8B81C821E3C004DD0C2 /* Project object */;
}
